---
lockfileVersion: 1
lockfileVendor: redhat
arches:
- arch: aarch64
  packages:
  - url: https://cdn-ubi.redhat.com/content/public/ubi/dist/ubi9/9/aarch64/appstream/os/Packages/a/annobin-12.98-1.el9.aarch64.rpm
    repoid: ubi-9-for-aarch64-appstream-rpms
    size: 1117109
    checksum: sha256:9c64856a3b3e04136ab8b62b94fca93b6de87449ce1712c8f26c0af3ab69a9d4
    name: annobin
    evr: 12.98-1.el9
    sourcerpm: annobin-12.98-1.el9.src.rpm
  - url: https://cdn-ubi.redhat.com/content/public/ubi/dist/ubi9/9/aarch64/appstream/os/Packages/c/cargo-1.88.0-1.el9.aarch64.rpm
    repoid: ubi-9-for-aarch64-appstream-rpms
    size: 7738248
    checksum: sha256:db106a81f1e6afa16afc7a28d008f42784f6602bca19bd147cb046b5dacc11e5
    name: cargo
    evr: 1.88.0-1.el9
    sourcerpm: rust-1.88.0-1.el9.src.rpm
  - url: https://cdn-ubi.redhat.com/content/public/ubi/dist/ubi9/9/aarch64/appstream/os/Packages/c/cmake-3.26.5-2.el9.aarch64.rpm
    repoid: ubi-9-for-aarch64-appstream-rpms
    size: 7432689
    checksum: sha256:6ac0e5e9a4fd761f8688678ac83580c7eebeacf6c241bd8089d72c4a477b22c3
    name: cmake
    evr: 3.26.5-2.el9
    sourcerpm: cmake-3.26.5-2.el9.src.rpm
  - url: https://cdn-ubi.redhat.com/content/public/ubi/dist/ubi9/9/aarch64/appstream/os/Packages/c/cmake-data-3.26.5-2.el9.noarch.rpm
    repoid: ubi-9-for-aarch64-appstream-rpms
    size: 2488227
    checksum: sha256:84da65a7b8921f031d15903d91c5967022620f9e96b7493c8ab8024014755ee7
    name: cmake-data
    evr: 3.26.5-2.el9
    sourcerpm: cmake-3.26.5-2.el9.src.rpm
  - url: https://cdn-ubi.redhat.com/content/public/ubi/dist/ubi9/9/aarch64/appstream/os/Packages/c/cmake-rpm-macros-3.26.5-2.el9.noarch.rpm
    repoid: ubi-9-for-aarch64-appstream-rpms
    size: 12250
    checksum: sha256:1c74969c8a4f21851f5b89f25ac55c689b75bed1318d0435fc3a14a49c39d0e3
    name: cmake-rpm-macros
    evr: 3.26.5-2.el9
    sourcerpm: cmake-3.26.5-2.el9.src.rpm
  - url: https://cdn-ubi.redhat.com/content/public/ubi/dist/ubi9/9/aarch64/appstream/os/Packages/l/libuv-1.42.0-2.el9_4.aarch64.rpm
    repoid: ubi-9-for-aarch64-appstream-rpms
    size: 150129
    checksum: sha256:4dc8a40da74e0f9823356460ee11f183c70f382953700fffef0c448198a677cc
    name: libuv
    evr: 1:1.42.0-2.el9_4
    sourcerpm: libuv-1.42.0-2.el9_4.src.rpm
  - url: https://cdn-ubi.redhat.com/content/public/ubi/dist/ubi9/9/aarch64/appstream/os/Packages/l/llvm-filesystem-20.1.8-3.el9.aarch64.rpm
    repoid: ubi-9-for-aarch64-appstream-rpms
    size: 9320
    checksum: sha256:e92a53ac2ca3dfad1c286f67b86fd80c1ded3e7714a745c7222d8012575a7180
    name: llvm-filesystem
    evr: 20.1.8-3.el9
    sourcerpm: llvm-20.1.8-3.el9.src.rpm
  - url: https://cdn-ubi.redhat.com/content/public/ubi/dist/ubi9/9/aarch64/appstream/os/Packages/l/llvm-libs-20.1.8-3.el9.aarch64.rpm
    repoid: ubi-9-for-aarch64-appstream-rpms
    size: 29379083
    checksum: sha256:ab5ca15a0edd98c358879337c4983f33b433bb7ca39f3252ec69d1523e56065d
    name: llvm-libs
    evr: 20.1.8-3.el9
    sourcerpm: llvm-20.1.8-3.el9.src.rpm
  - url: https://cdn-ubi.redhat.com/content/public/ubi/dist/ubi9/9/aarch64/appstream/os/Packages/o/openblas-0.3.29-1.el9.aarch64.rpm
    repoid: ubi-9-for-aarch64-appstream-rpms
    size: 43101
    checksum: sha256:36da31a22dd56a05028ff4f0eac750164174f806abb30831840b969cc6bb19c6
    name: openblas
    evr: 0.3.29-1.el9
    sourcerpm: openblas-0.3.29-1.el9.src.rpm
  - url: https://cdn-ubi.redhat.com/content/public/ubi/dist/ubi9/9/aarch64/appstream/os/Packages/o/openblas-openmp-0.3.29-1.el9.aarch64.rpm
    repoid: ubi-9-for-aarch64-appstream-rpms
    size: 3832949
    checksum: sha256:0bd8dbcc9d7eff7d81dc7348abd47f33dfa8279c251f9c6d61d42cf7eb0b9f05
    name: openblas-openmp
    evr: 0.3.29-1.el9
    sourcerpm: openblas-0.3.29-1.el9.src.rpm
  - url: https://cdn-ubi.redhat.com/content/public/ubi/dist/ubi9/9/aarch64/appstream/os/Packages/o/openblas-openmp64-0.3.29-1.el9.aarch64.rpm
    repoid: ubi-9-for-aarch64-appstream-rpms
    size: 3742749
    checksum: sha256:cf40c456eb5819c9ba5afe4c5cfa9a5a831d2952284fde6f9716c7f44824c788
    name: openblas-openmp64
    evr: 0.3.29-1.el9
    sourcerpm: openblas-0.3.29-1.el9.src.rpm
  - url: https://cdn-ubi.redhat.com/content/public/ubi/dist/ubi9/9/aarch64/appstream/os/Packages/o/openblas-serial-0.3.29-1.el9.aarch64.rpm
    repoid: ubi-9-for-aarch64-appstream-rpms
    size: 3688163
    checksum: sha256:6deb8f4b2d6203d7eae64d0c542272e4e54ee240b4db4b533924b2f10d5792b5
    name: openblas-serial
    evr: 0.3.29-1.el9
    sourcerpm: openblas-0.3.29-1.el9.src.rpm
  - url: https://cdn-ubi.redhat.com/content/public/ubi/dist/ubi9/9/aarch64/appstream/os/Packages/r/rust-1.88.0-1.el9.aarch64.rpm
    repoid: ubi-9-for-aarch64-appstream-rpms
    size: 28639155
    checksum: sha256:ef479c53d6d2e75753f5d36661ec01746d70ad16dcbb82f51dc4296de8e32613
    name: rust
    evr: 1.88.0-1.el9
    sourcerpm: rust-1.88.0-1.el9.src.rpm
  - url: https://cdn-ubi.redhat.com/content/public/ubi/dist/ubi9/9/aarch64/appstream/os/Packages/r/rust-std-static-1.88.0-1.el9.aarch64.rpm
    repoid: ubi-9-for-aarch64-appstream-rpms
    size: 39777482
    checksum: sha256:9431bb9d0a3dd5fbfe3bfef2c28ef5149c72173ad53b75b046e1f4dad9d9d48d
    name: rust-std-static
    evr: 1.88.0-1.el9
    sourcerpm: rust-1.88.0-1.el9.src.rpm
  - url: https://cdn-ubi.redhat.com/content/public/ubi/dist/ubi9/9/aarch64/appstream/os/Packages/r/rust-toolset-1.88.0-1.el9.noarch.rpm
    repoid: ubi-9-for-aarch64-appstream-rpms
    size: 15503
    checksum: sha256:9bd2dd27323af0fd92b6e05f4ace51949e53fae0cd244d196182867901a10e55
    name: rust-toolset
    evr: 1.88.0-1.el9
    sourcerpm: rust-1.88.0-1.el9.src.rpm
  - url: https://cdn-ubi.redhat.com/content/public/ubi/dist/ubi9/9/aarch64/codeready-builder/os/Packages/n/ninja-build-1.10.2-6.el9.aarch64.rpm
    repoid: ubi-9-for-aarch64-codeready-builder-rpms
    size: 146570
    checksum: sha256:c6de7ce1a2bf12de2a6a5bc204e2be8a80adeba77c2074bc0bb7b8fdb1259e40
    name: ninja-build
    evr: 1.10.2-6.el9
    sourcerpm: ninja-build-1.10.2-6.el9.src.rpm
  - url: https://cdn-ubi.redhat.com/content/public/ubi/dist/ubi9/9/aarch64/codeready-builder/os/Packages/o/openblas-devel-0.3.29-1.el9.aarch64.rpm
    repoid: ubi-9-for-aarch64-codeready-builder-rpms
    size: 85411
    checksum: sha256:165c1065ffaf1c919042c6f02a1c53619903534c24057fbcefb69de269bd6ea7
    name: openblas-devel
    evr: 0.3.29-1.el9
    sourcerpm: openblas-0.3.29-1.el9.src.rpm
  - url: https://cdn-ubi.redhat.com/content/public/ubi/dist/ubi9/9/aarch64/codeready-builder/os/Packages/o/openblas-openmp64_-0.3.29-1.el9.aarch64.rpm
    repoid: ubi-9-for-aarch64-codeready-builder-rpms
    size: 3731551
    checksum: sha256:975e607e1d7aa51edc4b1c4b5657c46578aea2584e44fff5d195858de7e40ebf
    name: openblas-openmp64_
    evr: 0.3.29-1.el9
    sourcerpm: openblas-0.3.29-1.el9.src.rpm
  - url: https://cdn-ubi.redhat.com/content/public/ubi/dist/ubi9/9/aarch64/codeready-builder/os/Packages/o/openblas-serial64-0.3.29-1.el9.aarch64.rpm
    repoid: ubi-9-for-aarch64-codeready-builder-rpms
    size: 3595123
    checksum: sha256:805c6981f69cc060e5222121fa0a887c50bf69f5e3f4cf8874236b2341db2173
    name: openblas-serial64
    evr: 0.3.29-1.el9
    sourcerpm: openblas-0.3.29-1.el9.src.rpm
  - url: https://cdn-ubi.redhat.com/content/public/ubi/dist/ubi9/9/aarch64/codeready-builder/os/Packages/o/openblas-serial64_-0.3.29-1.el9.aarch64.rpm
    repoid: ubi-9-for-aarch64-codeready-builder-rpms
    size: 3587567
    checksum: sha256:b1460d7c05d501fed31c49f9ccbb020ca4f1b18a5099d65feeacadb6f7573551
    name: openblas-serial64_
    evr: 0.3.29-1.el9
    sourcerpm: openblas-0.3.29-1.el9.src.rpm
  - url: https://cdn-ubi.redhat.com/content/public/ubi/dist/ubi9/9/aarch64/codeready-builder/os/Packages/o/openblas-threads-0.3.29-1.el9.aarch64.rpm
    repoid: ubi-9-for-aarch64-codeready-builder-rpms
    size: 3825499
    checksum: sha256:bf39666abbcf73859d258ffd63ad9b94f4cac346aa407454e971f527db2f0e76
    name: openblas-threads
    evr: 0.3.29-1.el9
    sourcerpm: openblas-0.3.29-1.el9.src.rpm
  - url: https://cdn-ubi.redhat.com/content/public/ubi/dist/ubi9/9/aarch64/codeready-builder/os/Packages/o/openblas-threads64-0.3.29-1.el9.aarch64.rpm
    repoid: ubi-9-for-aarch64-codeready-builder-rpms
    size: 3726007
    checksum: sha256:c0f5d609b62ba63533e8536272f33bee1800be2fda846b09bdb4ed9e72356d55
    name: openblas-threads64
    evr: 0.3.29-1.el9
    sourcerpm: openblas-0.3.29-1.el9.src.rpm
  - url: https://cdn-ubi.redhat.com/content/public/ubi/dist/ubi9/9/aarch64/codeready-builder/os/Packages/o/openblas-threads64_-0.3.29-1.el9.aarch64.rpm
    repoid: ubi-9-for-aarch64-codeready-builder-rpms
    size: 3723302
    checksum: sha256:3fba396f9d122cec7328c4085310506686c5a3cc7edede112bd4fd54e12043da
    name: openblas-threads64_
    evr: 0.3.29-1.el9
    sourcerpm: openblas-0.3.29-1.el9.src.rpm
  source:
  - url: https://cdn-ubi.redhat.com/content/public/ubi/dist/ubi9/9/aarch64/appstream/source/SRPMS/Packages/a/annobin-12.98-1.el9.src.rpm
    repoid: ubi-9-for-aarch64-appstream-source-rpms
    size: 1012262
    checksum: sha256:cc70662d5376afa8617a010844ec0a5aec13cd7ba4e8839ec0053b80c7876b93
    name: annobin
    evr: 12.98-1.el9
  - url: https://cdn-ubi.redhat.com/content/public/ubi/dist/ubi9/9/aarch64/appstream/source/SRPMS/Packages/c/cmake-3.26.5-2.el9.src.rpm
    repoid: ubi-9-for-aarch64-appstream-source-rpms
    size: 10671338
    checksum: sha256:2f86bb96562eaf679969c2716738fbdfcc8a3966ecc3bb6317596fe2e214ea2b
    name: cmake
    evr: 3.26.5-2.el9
  - url: https://cdn-ubi.redhat.com/content/public/ubi/dist/ubi9/9/aarch64/appstream/source/SRPMS/Packages/l/libuv-1.42.0-2.el9_4.src.rpm
    repoid: ubi-9-for-aarch64-appstream-source-rpms
    size: 1300269
    checksum: sha256:f9dfa0dc965675730184604570c6a2aa95ddc2dfa6a7cb209514b1e744a4e3d7
    name: libuv
    evr: 1:1.42.0-2.el9_4
  - url: https://cdn-ubi.redhat.com/content/public/ubi/dist/ubi9/9/aarch64/appstream/source/SRPMS/Packages/l/llvm-20.1.8-3.el9.src.rpm
    repoid: ubi-9-for-aarch64-appstream-source-rpms
    size: 147354701
    checksum: sha256:87daec5cb8d79fe25b2c9e48bac5ff63ca96f8d1fa7f7cfc8374605e80f39628
    name: llvm
    evr: 20.1.8-3.el9
  - url: https://cdn-ubi.redhat.com/content/public/ubi/dist/ubi9/9/aarch64/appstream/source/SRPMS/Packages/o/openblas-0.3.29-1.el9.src.rpm
    repoid: ubi-9-for-aarch64-appstream-source-rpms
    size: 23777279
    checksum: sha256:4a1fd34e0b3bf712dc3810823ec4c57df6806c6110d30d160ffc91face8f80bd
    name: openblas
    evr: 0.3.29-1.el9
  - url: https://cdn-ubi.redhat.com/content/public/ubi/dist/ubi9/9/aarch64/appstream/source/SRPMS/Packages/r/rust-1.88.0-1.el9.src.rpm
    repoid: ubi-9-for-aarch64-appstream-source-rpms
    size: 284842616
    checksum: sha256:d20ea801b5d19e41896aae3023f0318b27250d00c53bd756a0ec6609f7eb540b
    name: rust
    evr: 1.88.0-1.el9
  - url: https://cdn-ubi.redhat.com/content/public/ubi/dist/ubi9/9/aarch64/codeready-builder/source/SRPMS/Packages/n/ninja-build-1.10.2-6.el9.src.rpm
    repoid: ubi-9-for-aarch64-codeready-builder-source-rpms
    size: 227908
    checksum: sha256:0461eebf9c0def0b11f42b9f7e7a455a945da6cbd4796ff015eb2a1dcbae175b
    name: ninja-build
    evr: 1.10.2-6.el9
  module_metadata: []
- arch: ppc64le
  packages:
  - url: https://cdn-ubi.redhat.com/content/public/ubi/dist/ubi9/9/ppc64le/appstream/os/Packages/a/annobin-12.98-1.el9.ppc64le.rpm
    repoid: ubi-9-for-ppc64le-appstream-rpms
    size: 1120549
    checksum: sha256:78c2d06b7f077ad39e06dc03431fbfbfba3b7135db7788072c4625aefb8a5e06
    name: annobin
    evr: 12.98-1.el9
    sourcerpm: annobin-12.98-1.el9.src.rpm
  - url: https://cdn-ubi.redhat.com/content/public/ubi/dist/ubi9/9/ppc64le/appstream/os/Packages/c/cargo-1.88.0-1.el9.ppc64le.rpm
    repoid: ubi-9-for-ppc64le-appstream-rpms
    size: 8432875
    checksum: sha256:134bfbd26e53ff42298e65a0b4289982bd47fa1f87ad7ff223151522db928498
    name: cargo
    evr: 1.88.0-1.el9
    sourcerpm: rust-1.88.0-1.el9.src.rpm
  - url: https://cdn-ubi.redhat.com/content/public/ubi/dist/ubi9/9/ppc64le/appstream/os/Packages/c/cmake-3.26.5-2.el9.ppc64le.rpm
    repoid: ubi-9-for-ppc64le-appstream-rpms
    size: 10323617
    checksum: sha256:67175cbc75c192be2b0d3783221a4fd6ea5bb032140112f4b712206be9c0cb14
    name: cmake
    evr: 3.26.5-2.el9
    sourcerpm: cmake-3.26.5-2.el9.src.rpm
  - url: https://cdn-ubi.redhat.com/content/public/ubi/dist/ubi9/9/ppc64le/appstream/os/Packages/c/cmake-data-3.26.5-2.el9.noarch.rpm
    repoid: ubi-9-for-ppc64le-appstream-rpms
    size: 2488227
    checksum: sha256:84da65a7b8921f031d15903d91c5967022620f9e96b7493c8ab8024014755ee7
    name: cmake-data
    evr: 3.26.5-2.el9
    sourcerpm: cmake-3.26.5-2.el9.src.rpm
  - url: https://cdn-ubi.redhat.com/content/public/ubi/dist/ubi9/9/ppc64le/appstream/os/Packages/c/cmake-rpm-macros-3.26.5-2.el9.noarch.rpm
    repoid: ubi-9-for-ppc64le-appstream-rpms
    size: 12250
    checksum: sha256:1c74969c8a4f21851f5b89f25ac55c689b75bed1318d0435fc3a14a49c39d0e3
    name: cmake-rpm-macros
    evr: 3.26.5-2.el9
    sourcerpm: cmake-3.26.5-2.el9.src.rpm
  - url: https://cdn-ubi.redhat.com/content/public/ubi/dist/ubi9/9/ppc64le/appstream/os/Packages/l/libuv-1.42.0-2.el9_4.ppc64le.rpm
    repoid: ubi-9-for-ppc64le-appstream-rpms
    size: 163459
    checksum: sha256:74d081a0b46ad47b150a99d788d7d408939ea0ce20ed0b14b34d0e41f2b6fcad
    name: libuv
    evr: 1:1.42.0-2.el9_4
    sourcerpm: libuv-1.42.0-2.el9_4.src.rpm
  - url: https://cdn-ubi.redhat.com/content/public/ubi/dist/ubi9/9/ppc64le/appstream/os/Packages/l/llvm-filesystem-20.1.8-3.el9.ppc64le.rpm
    repoid: ubi-9-for-ppc64le-appstream-rpms
    size: 9353
    checksum: sha256:7414ea19b1e878a85cd998f171975eca3acbef8a67a5f736d356b9c3febb92eb
    name: llvm-filesystem
    evr: 20.1.8-3.el9
    sourcerpm: llvm-20.1.8-3.el9.src.rpm
  - url: https://cdn-ubi.redhat.com/content/public/ubi/dist/ubi9/9/ppc64le/appstream/os/Packages/l/llvm-libs-20.1.8-3.el9.ppc64le.rpm
    repoid: ubi-9-for-ppc64le-appstream-rpms
    size: 31687692
    checksum: sha256:0edfc5b92d24341343278562fb738cf71b4d1b0f0522a295ce207b339e5b10f0
    name: llvm-libs
    evr: 20.1.8-3.el9
    sourcerpm: llvm-20.1.8-3.el9.src.rpm
  - url: https://cdn-ubi.redhat.com/content/public/ubi/dist/ubi9/9/ppc64le/appstream/os/Packages/o/openblas-0.3.29-1.el9.ppc64le.rpm
    repoid: ubi-9-for-ppc64le-appstream-rpms
    size: 43121
    checksum: sha256:46d0525be8d2581a2e4cad8d25413171df8b5c504b2b43014a92e49abe081983
    name: openblas
    evr: 0.3.29-1.el9
    sourcerpm: openblas-0.3.29-1.el9.src.rpm
  - url: https://cdn-ubi.redhat.com/content/public/ubi/dist/ubi9/9/ppc64le/appstream/os/Packages/o/openblas-openmp-0.3.29-1.el9.ppc64le.rpm
    repoid: ubi-9-for-ppc64le-appstream-rpms
    size: 4664908
    checksum: sha256:293331df0dc03e78d1efe3014116fe27f51da94322080cb3be35b44f67dc6314
    name: openblas-openmp
    evr: 0.3.29-1.el9
    sourcerpm: openblas-0.3.29-1.el9.src.rpm
  - url: https://cdn-ubi.redhat.com/content/public/ubi/dist/ubi9/9/ppc64le/appstream/os/Packages/o/openblas-openmp64-0.3.29-1.el9.ppc64le.rpm
    repoid: ubi-9-for-ppc64le-appstream-rpms
    size: 4605591
    checksum: sha256:3ae0457d6c672ff2544cdadead90b14a2d5e7087aa92cfba835b556a36bb7e30
    name: openblas-openmp64
    evr: 0.3.29-1.el9
    sourcerpm: openblas-0.3.29-1.el9.src.rpm
  - url: https://cdn-ubi.redhat.com/content/public/ubi/dist/ubi9/9/ppc64le/appstream/os/Packages/o/openblas-serial-0.3.29-1.el9.ppc64le.rpm
    repoid: ubi-9-for-ppc64le-appstream-rpms
    size: 4493607
    checksum: sha256:6b6806dd032b19c9a805880afe3d682b4322af6c9bd7b321cc469102d6465626
    name: openblas-serial
    evr: 0.3.29-1.el9
    sourcerpm: openblas-0.3.29-1.el9.src.rpm
  - url: https://cdn-ubi.redhat.com/content/public/ubi/dist/ubi9/9/ppc64le/appstream/os/Packages/r/rust-1.88.0-1.el9.ppc64le.rpm
    repoid: ubi-9-for-ppc64le-appstream-rpms
    size: 26079470
    checksum: sha256:04628295d1af436836051479fc37da860b4baf5c310c61e8cbfe7cd874150bdb
    name: rust
    evr: 1.88.0-1.el9
    sourcerpm: rust-1.88.0-1.el9.src.rpm
  - url: https://cdn-ubi.redhat.com/content/public/ubi/dist/ubi9/9/ppc64le/appstream/os/Packages/r/rust-std-static-1.88.0-1.el9.ppc64le.rpm
    repoid: ubi-9-for-ppc64le-appstream-rpms
    size: 37564430
    checksum: sha256:99facd93ed8575fcda613e4f4ee2317f4852ce4b3534f333b903864d5a4b9687
    name: rust-std-static
    evr: 1.88.0-1.el9
    sourcerpm: rust-1.88.0-1.el9.src.rpm
  - url: https://cdn-ubi.redhat.com/content/public/ubi/dist/ubi9/9/ppc64le/appstream/os/Packages/r/rust-toolset-1.88.0-1.el9.noarch.rpm
    repoid: ubi-9-for-ppc64le-appstream-rpms
    size: 15503
    checksum: sha256:9bd2dd27323af0fd92b6e05f4ace51949e53fae0cd244d196182867901a10e55
    name: rust-toolset
    evr: 1.88.0-1.el9
    sourcerpm: rust-1.88.0-1.el9.src.rpm
  - url: https://cdn-ubi.redhat.com/content/public/ubi/dist/ubi9/9/ppc64le/codeready-builder/os/Packages/n/ninja-build-1.10.2-6.el9.ppc64le.rpm
    repoid: ubi-9-for-ppc64le-codeready-builder-rpms
    size: 159924
    checksum: sha256:733bc0851d34fe333574b07d8cebda15e562f5f141989d5155196cc5925797d7
    name: ninja-build
    evr: 1.10.2-6.el9
    sourcerpm: ninja-build-1.10.2-6.el9.src.rpm
  - url: https://cdn-ubi.redhat.com/content/public/ubi/dist/ubi9/9/ppc64le/codeready-builder/os/Packages/o/openblas-devel-0.3.29-1.el9.ppc64le.rpm
    repoid: ubi-9-for-ppc64le-codeready-builder-rpms
    size: 85407
    checksum: sha256:1181aff1abbadf07400244759b75ef578c76029563ae2ab0e7813589762848fd
    name: openblas-devel
    evr: 0.3.29-1.el9
    sourcerpm: openblas-0.3.29-1.el9.src.rpm
  - url: https://cdn-ubi.redhat.com/content/public/ubi/dist/ubi9/9/ppc64le/codeready-builder/os/Packages/o/openblas-openmp64_-0.3.29-1.el9.ppc64le.rpm
    repoid: ubi-9-for-ppc64le-codeready-builder-rpms
    size: 4599230
    checksum: sha256:4f9c9b453059c8eb29409a5b1f87ae57245db99a0eeca96ea829513e8dea5d94
    name: openblas-openmp64_
    evr: 0.3.29-1.el9
    sourcerpm: openblas-0.3.29-1.el9.src.rpm
  - url: https://cdn-ubi.redhat.com/content/public/ubi/dist/ubi9/9/ppc64le/codeready-builder/os/Packages/o/openblas-serial64-0.3.29-1.el9.ppc64le.rpm
    repoid: ubi-9-for-ppc64le-codeready-builder-rpms
    size: 4444705
    checksum: sha256:db21817a649485369ac8e5c79d5e98e45eb76c4b0751c277d3b70eee1b8dfa0f
    name: openblas-serial64
    evr: 0.3.29-1.el9
    sourcerpm: openblas-0.3.29-1.el9.src.rpm
  - url: https://cdn-ubi.redhat.com/content/public/ubi/dist/ubi9/9/ppc64le/codeready-builder/os/Packages/o/openblas-serial64_-0.3.29-1.el9.ppc64le.rpm
    repoid: ubi-9-for-ppc64le-codeready-builder-rpms
    size: 4431313
    checksum: sha256:4f1c8c8b841beee7c0c457e63fac338637ebf0f0a20c43a60ce1e06c2afe76b3
    name: openblas-serial64_
    evr: 0.3.29-1.el9
    sourcerpm: openblas-0.3.29-1.el9.src.rpm
  - url: https://cdn-ubi.redhat.com/content/public/ubi/dist/ubi9/9/ppc64le/codeready-builder/os/Packages/o/openblas-threads-0.3.29-1.el9.ppc64le.rpm
    repoid: ubi-9-for-ppc64le-codeready-builder-rpms
    size: 4652547
    checksum: sha256:040dd5e1c29140acefd8210cef7027f6479ff397dd1617a503bfb7591265bb3e
    name: openblas-threads
    evr: 0.3.29-1.el9
    sourcerpm: openblas-0.3.29-1.el9.src.rpm
  - url: https://cdn-ubi.redhat.com/content/public/ubi/dist/ubi9/9/ppc64le/codeready-builder/os/Packages/o/openblas-threads64-0.3.29-1.el9.ppc64le.rpm
    repoid: ubi-9-for-ppc64le-codeready-builder-rpms
    size: 4596722
    checksum: sha256:f2e424cbb47022aa169c618387cd9b55766526ae67ac560c967a3c94664c1026
    name: openblas-threads64
    evr: 0.3.29-1.el9
    sourcerpm: openblas-0.3.29-1.el9.src.rpm
  - url: https://cdn-ubi.redhat.com/content/public/ubi/dist/ubi9/9/ppc64le/codeready-builder/os/Packages/o/openblas-threads64_-0.3.29-1.el9.ppc64le.rpm
    repoid: ubi-9-for-ppc64le-codeready-builder-rpms
    size: 4587923
    checksum: sha256:e607376c37c0a29bc9817b6c3ae4ef750c2a8e73224e16ce810419a9d441e756
    name: openblas-threads64_
    evr: 0.3.29-1.el9
    sourcerpm: openblas-0.3.29-1.el9.src.rpm
  source:
  - url: https://cdn-ubi.redhat.com/content/public/ubi/dist/ubi9/9/ppc64le/appstream/source/SRPMS/Packages/a/annobin-12.98-1.el9.src.rpm
    repoid: ubi-9-for-ppc64le-appstream-source-rpms
    size: 1012262
    checksum: sha256:cc70662d5376afa8617a010844ec0a5aec13cd7ba4e8839ec0053b80c7876b93
    name: annobin
    evr: 12.98-1.el9
  - url: https://cdn-ubi.redhat.com/content/public/ubi/dist/ubi9/9/ppc64le/appstream/source/SRPMS/Packages/c/cmake-3.26.5-2.el9.src.rpm
    repoid: ubi-9-for-ppc64le-appstream-source-rpms
    size: 10671338
    checksum: sha256:2f86bb96562eaf679969c2716738fbdfcc8a3966ecc3bb6317596fe2e214ea2b
    name: cmake
    evr: 3.26.5-2.el9
  - url: https://cdn-ubi.redhat.com/content/public/ubi/dist/ubi9/9/ppc64le/appstream/source/SRPMS/Packages/l/libuv-1.42.0-2.el9_4.src.rpm
    repoid: ubi-9-for-ppc64le-appstream-source-rpms
    size: 1300269
    checksum: sha256:f9dfa0dc965675730184604570c6a2aa95ddc2dfa6a7cb209514b1e744a4e3d7
    name: libuv
    evr: 1:1.42.0-2.el9_4
  - url: https://cdn-ubi.redhat.com/content/public/ubi/dist/ubi9/9/ppc64le/appstream/source/SRPMS/Packages/l/llvm-20.1.8-3.el9.src.rpm
    repoid: ubi-9-for-ppc64le-appstream-source-rpms
    size: 147354701
    checksum: sha256:87daec5cb8d79fe25b2c9e48bac5ff63ca96f8d1fa7f7cfc8374605e80f39628
    name: llvm
    evr: 20.1.8-3.el9
  - url: https://cdn-ubi.redhat.com/content/public/ubi/dist/ubi9/9/ppc64le/appstream/source/SRPMS/Packages/o/openblas-0.3.29-1.el9.src.rpm
    repoid: ubi-9-for-ppc64le-appstream-source-rpms
    size: 23777279
    checksum: sha256:4a1fd34e0b3bf712dc3810823ec4c57df6806c6110d30d160ffc91face8f80bd
    name: openblas
    evr: 0.3.29-1.el9
  - url: https://cdn-ubi.redhat.com/content/public/ubi/dist/ubi9/9/ppc64le/appstream/source/SRPMS/Packages/r/rust-1.88.0-1.el9.src.rpm
    repoid: ubi-9-for-ppc64le-appstream-source-rpms
    size: 284842616
    checksum: sha256:d20ea801b5d19e41896aae3023f0318b27250d00c53bd756a0ec6609f7eb540b
    name: rust
    evr: 1.88.0-1.el9
  - url: https://cdn-ubi.redhat.com/content/public/ubi/dist/ubi9/9/ppc64le/codeready-builder/source/SRPMS/Packages/n/ninja-build-1.10.2-6.el9.src.rpm
    repoid: ubi-9-for-ppc64le-codeready-builder-source-rpms
    size: 227908
    checksum: sha256:0461eebf9c0def0b11f42b9f7e7a455a945da6cbd4796ff015eb2a1dcbae175b
    name: ninja-build
    evr: 1.10.2-6.el9
  module_metadata: []
- arch: s390x
  packages:
  - url: https://cdn-ubi.redhat.com/content/public/ubi/dist/ubi9/9/s390x/appstream/os/Packages/a/annobin-12.98-1.el9.s390x.rpm
    repoid: ubi-9-for-s390x-appstream-rpms
    size: 1116289
    checksum: sha256:95cd234971246abc4ac5db520dfe978ed1ce4ca34260c7fa3e87c4a0dc9614df
    name: annobin
    evr: 12.98-1.el9
    sourcerpm: annobin-12.98-1.el9.src.rpm
  - url: https://cdn-ubi.redhat.com/content/public/ubi/dist/ubi9/9/s390x/appstream/os/Packages/c/cargo-1.88.0-1.el9.s390x.rpm
    repoid: ubi-9-for-s390x-appstream-rpms
    size: 8685549
    checksum: sha256:77bc5c4dedf9cce8a572ece13c36d28447efe294fae2c4befee87c6998da9808
    name: cargo
    evr: 1.88.0-1.el9
    sourcerpm: rust-1.88.0-1.el9.src.rpm
  - url: https://cdn-ubi.redhat.com/content/public/ubi/dist/ubi9/9/s390x/appstream/os/Packages/c/cmake-3.26.5-2.el9.s390x.rpm
    repoid: ubi-9-for-s390x-appstream-rpms
    size: 7291387
    checksum: sha256:5ab2189c547551ea8848b86c53ad91584eea5b03682a913399345cd4bd14f012
    name: cmake
    evr: 3.26.5-2.el9
    sourcerpm: cmake-3.26.5-2.el9.src.rpm
  - url: https://cdn-ubi.redhat.com/content/public/ubi/dist/ubi9/9/s390x/appstream/os/Packages/c/cmake-data-3.26.5-2.el9.noarch.rpm
    repoid: ubi-9-for-s390x-appstream-rpms
    size: 2488227
    checksum: sha256:84da65a7b8921f031d15903d91c5967022620f9e96b7493c8ab8024014755ee7
    name: cmake-data
    evr: 3.26.5-2.el9
    sourcerpm: cmake-3.26.5-2.el9.src.rpm
  - url: https://cdn-ubi.redhat.com/content/public/ubi/dist/ubi9/9/s390x/appstream/os/Packages/c/cmake-rpm-macros-3.26.5-2.el9.noarch.rpm
    repoid: ubi-9-for-s390x-appstream-rpms
    size: 12250
    checksum: sha256:1c74969c8a4f21851f5b89f25ac55c689b75bed1318d0435fc3a14a49c39d0e3
    name: cmake-rpm-macros
    evr: 3.26.5-2.el9
    sourcerpm: cmake-3.26.5-2.el9.src.rpm
  - url: https://cdn-ubi.redhat.com/content/public/ubi/dist/ubi9/9/s390x/appstream/os/Packages/l/libuv-1.42.0-2.el9_4.s390x.rpm
    repoid: ubi-9-for-s390x-appstream-rpms
    size: 150561
    checksum: sha256:7badf8ffee70ff4eabd9b96701d8926752c961e395dd79ecd70460056b88024f
    name: libuv
    evr: 1:1.42.0-2.el9_4
    sourcerpm: libuv-1.42.0-2.el9_4.src.rpm
  - url: https://cdn-ubi.redhat.com/content/public/ubi/dist/ubi9/9/s390x/appstream/os/Packages/l/llvm-filesystem-20.1.8-3.el9.s390x.rpm
    repoid: ubi-9-for-s390x-appstream-rpms
    size: 9350
    checksum: sha256:b3f17a1e4c4134d44019fdf4212ee955f1fd0bf8130f5e286741551309664a16
    name: llvm-filesystem
    evr: 20.1.8-3.el9
    sourcerpm: llvm-20.1.8-3.el9.src.rpm
  - url: https://cdn-ubi.redhat.com/content/public/ubi/dist/ubi9/9/s390x/appstream/os/Packages/l/llvm-libs-20.1.8-3.el9.s390x.rpm
    repoid: ubi-9-for-s390x-appstream-rpms
    size: 32972723
    checksum: sha256:9316becb4c4b22d061a94f46c66fe0fa9754bc3c791c9e3e8ed6286f4333111c
    name: llvm-libs
    evr: 20.1.8-3.el9
    sourcerpm: llvm-20.1.8-3.el9.src.rpm
  - url: https://cdn-ubi.redhat.com/content/public/ubi/dist/ubi9/9/s390x/appstream/os/Packages/o/openblas-0.3.29-1.el9.s390x.rpm
    repoid: ubi-9-for-s390x-appstream-rpms
    size: 43113
    checksum: sha256:5e6b0c6d1e1ee4c7a5e6ca078137e9561106fbb540798f077418d55f7425f6e4
    name: openblas
    evr: 0.3.29-1.el9
    sourcerpm: openblas-0.3.29-1.el9.src.rpm
  - url: https://cdn-ubi.redhat.com/content/public/ubi/dist/ubi9/9/s390x/appstream/os/Packages/o/openblas-openmp-0.3.29-1.el9.s390x.rpm
    repoid: ubi-9-for-s390x-appstream-rpms
    size: 3650271
    checksum: sha256:78ba49bfe7ec3adb7862d185de0b0fc797ea9059a2bbee479edaf610eaf85a8d
    name: openblas-openmp
    evr: 0.3.29-1.el9
    sourcerpm: openblas-0.3.29-1.el9.src.rpm
  - url: https://cdn-ubi.redhat.com/content/public/ubi/dist/ubi9/9/s390x/appstream/os/Packages/o/openblas-openmp64-0.3.29-1.el9.s390x.rpm
    repoid: ubi-9-for-s390x-appstream-rpms
    size: 3585069
    checksum: sha256:d07d4dffb881b045e119e34fafc0640eb2ba40f457cdeaa94cca191e78f7b3d7
    name: openblas-openmp64
    evr: 0.3.29-1.el9
    sourcerpm: openblas-0.3.29-1.el9.src.rpm
  - url: https://cdn-ubi.redhat.com/content/public/ubi/dist/ubi9/9/s390x/appstream/os/Packages/o/openblas-serial-0.3.29-1.el9.s390x.rpm
    repoid: ubi-9-for-s390x-appstream-rpms
    size: 3510783
    checksum: sha256:f1a92d3c6fe97d7a30be503d1eb498b476eabe5e89e65c1583ac3d7d727aa538
    name: openblas-serial
    evr: 0.3.29-1.el9
    sourcerpm: openblas-0.3.29-1.el9.src.rpm
  - url: https://cdn-ubi.redhat.com/content/public/ubi/dist/ubi9/9/s390x/appstream/os/Packages/r/rust-1.88.0-1.el9.s390x.rpm
    repoid: ubi-9-for-s390x-appstream-rpms
    size: 31184880
    checksum: sha256:33536795f2f65b928b78a2c2238dadb5cec5df8234d17f3347b3112e2fe826fd
    name: rust
    evr: 1.88.0-1.el9
    sourcerpm: rust-1.88.0-1.el9.src.rpm
  - url: https://cdn-ubi.redhat.com/content/public/ubi/dist/ubi9/9/s390x/appstream/os/Packages/r/rust-std-static-1.88.0-1.el9.s390x.rpm
    repoid: ubi-9-for-s390x-appstream-rpms
    size: 39210792
    checksum: sha256:9f4514885ab9d25ccda42e076381cf44e2da05c15a3a032204fcbcb34783fa93
    name: rust-std-static
    evr: 1.88.0-1.el9
    sourcerpm: rust-1.88.0-1.el9.src.rpm
  - url: https://cdn-ubi.redhat.com/content/public/ubi/dist/ubi9/9/s390x/appstream/os/Packages/r/rust-toolset-1.88.0-1.el9.noarch.rpm
    repoid: ubi-9-for-s390x-appstream-rpms
    size: 15503
    checksum: sha256:9bd2dd27323af0fd92b6e05f4ace51949e53fae0cd244d196182867901a10e55
    name: rust-toolset
    evr: 1.88.0-1.el9
    sourcerpm: rust-1.88.0-1.el9.src.rpm
  - url: https://cdn-ubi.redhat.com/content/public/ubi/dist/ubi9/9/s390x/codeready-builder/os/Packages/n/ninja-build-1.10.2-6.el9.s390x.rpm
    repoid: ubi-9-for-s390x-codeready-builder-rpms
    size: 148716
    checksum: sha256:cf488d4dc7518d6ca1df602e07f5d5962ad50e035a40c2b4d22865665af357fa
    name: ninja-build
    evr: 1.10.2-6.el9
    sourcerpm: ninja-build-1.10.2-6.el9.src.rpm
  - url: https://cdn-ubi.redhat.com/content/public/ubi/dist/ubi9/9/s390x/codeready-builder/os/Packages/o/openblas-devel-0.3.29-1.el9.s390x.rpm
    repoid: ubi-9-for-s390x-codeready-builder-rpms
    size: 86226
    checksum: sha256:41efcbb720ec7bff206816c89c45d6170ff4924fb09beb7d0ce5587c9a5543b4
    name: openblas-devel
    evr: 0.3.29-1.el9
    sourcerpm: openblas-0.3.29-1.el9.src.rpm
  - url: https://cdn-ubi.redhat.com/content/public/ubi/dist/ubi9/9/s390x/codeready-builder/os/Packages/o/openblas-openmp64_-0.3.29-1.el9.s390x.rpm
    repoid: ubi-9-for-s390x-codeready-builder-rpms
    size: 3576528
    checksum: sha256:a176e8caf8d072cb4b85a2a4a5664b260e7a716e93974655a24d77a06c31f97b
    name: openblas-openmp64_
    evr: 0.3.29-1.el9
    sourcerpm: openblas-0.3.29-1.el9.src.rpm
  - url: https://cdn-ubi.redhat.com/content/public/ubi/dist/ubi9/9/s390x/codeready-builder/os/Packages/o/openblas-serial64-0.3.29-1.el9.s390x.rpm
    repoid: ubi-9-for-s390x-codeready-builder-rpms
    size: 3451099
    checksum: sha256:b809f4e7e4ee834bdedcfe13e0d46fcdbe71019caee345f7cfbdc445d6f87247
    name: openblas-serial64
    evr: 0.3.29-1.el9
    sourcerpm: openblas-0.3.29-1.el9.src.rpm
  - url: https://cdn-ubi.redhat.com/content/public/ubi/dist/ubi9/9/s390x/codeready-builder/os/Packages/o/openblas-serial64_-0.3.29-1.el9.s390x.rpm
    repoid: ubi-9-for-s390x-codeready-builder-rpms
    size: 3441947
    checksum: sha256:abc9b8628a90839692ba8b94eaf6bda5b62862046a371da74c4f88d5055089d5
    name: openblas-serial64_
    evr: 0.3.29-1.el9
    sourcerpm: openblas-0.3.29-1.el9.src.rpm
  - url: https://cdn-ubi.redhat.com/content/public/ubi/dist/ubi9/9/s390x/codeready-builder/os/Packages/o/openblas-threads-0.3.29-1.el9.s390x.rpm
    repoid: ubi-9-for-s390x-codeready-builder-rpms
    size: 3638809
    checksum: sha256:087bbc6664c20b1e1074633ab5c06ded6f02f48ddc2e3568c8770ef719544e90
    name: openblas-threads
    evr: 0.3.29-1.el9
    sourcerpm: openblas-0.3.29-1.el9.src.rpm
  - url: https://cdn-ubi.redhat.com/content/public/ubi/dist/ubi9/9/s390x/codeready-builder/os/Packages/o/openblas-threads64-0.3.29-1.el9.s390x.rpm
    repoid: ubi-9-for-s390x-codeready-builder-rpms
    size: 3579023
    checksum: sha256:013bb610f6c5f7cd0d804d19764df867a9ec08897a2c98454ab4a8cc4199272f
    name: openblas-threads64
    evr: 0.3.29-1.el9
    sourcerpm: openblas-0.3.29-1.el9.src.rpm
  - url: https://cdn-ubi.redhat.com/content/public/ubi/dist/ubi9/9/s390x/codeready-builder/os/Packages/o/openblas-threads64_-0.3.29-1.el9.s390x.rpm
    repoid: ubi-9-for-s390x-codeready-builder-rpms
    size: 3570926
    checksum: sha256:bacd61126dbac5b98f74f5bf1e8da086bdfc5a66844ae6c4f13a2df75a9a2212
    name: openblas-threads64_
    evr: 0.3.29-1.el9
    sourcerpm: openblas-0.3.29-1.el9.src.rpm
  source:
  - url: https://cdn-ubi.redhat.com/content/public/ubi/dist/ubi9/9/s390x/appstream/source/SRPMS/Packages/a/annobin-12.98-1.el9.src.rpm
    repoid: ubi-9-for-s390x-appstream-source-rpms
    size: 1012262
    checksum: sha256:cc70662d5376afa8617a010844ec0a5aec13cd7ba4e8839ec0053b80c7876b93
    name: annobin
    evr: 12.98-1.el9
  - url: https://cdn-ubi.redhat.com/content/public/ubi/dist/ubi9/9/s390x/appstream/source/SRPMS/Packages/c/cmake-3.26.5-2.el9.src.rpm
    repoid: ubi-9-for-s390x-appstream-source-rpms
    size: 10671338
    checksum: sha256:2f86bb96562eaf679969c2716738fbdfcc8a3966ecc3bb6317596fe2e214ea2b
    name: cmake
    evr: 3.26.5-2.el9
  - url: https://cdn-ubi.redhat.com/content/public/ubi/dist/ubi9/9/s390x/appstream/source/SRPMS/Packages/l/libuv-1.42.0-2.el9_4.src.rpm
    repoid: ubi-9-for-s390x-appstream-source-rpms
    size: 1300269
    checksum: sha256:f9dfa0dc965675730184604570c6a2aa95ddc2dfa6a7cb209514b1e744a4e3d7
    name: libuv
    evr: 1:1.42.0-2.el9_4
  - url: https://cdn-ubi.redhat.com/content/public/ubi/dist/ubi9/9/s390x/appstream/source/SRPMS/Packages/l/llvm-20.1.8-3.el9.src.rpm
    repoid: ubi-9-for-s390x-appstream-source-rpms
    size: 147354701
    checksum: sha256:87daec5cb8d79fe25b2c9e48bac5ff63ca96f8d1fa7f7cfc8374605e80f39628
    name: llvm
    evr: 20.1.8-3.el9
  - url: https://cdn-ubi.redhat.com/content/public/ubi/dist/ubi9/9/s390x/appstream/source/SRPMS/Packages/o/openblas-0.3.29-1.el9.src.rpm
    repoid: ubi-9-for-s390x-appstream-source-rpms
    size: 23777279
    checksum: sha256:4a1fd34e0b3bf712dc3810823ec4c57df6806c6110d30d160ffc91face8f80bd
    name: openblas
    evr: 0.3.29-1.el9
  - url: https://cdn-ubi.redhat.com/content/public/ubi/dist/ubi9/9/s390x/appstream/source/SRPMS/Packages/r/rust-1.88.0-1.el9.src.rpm
    repoid: ubi-9-for-s390x-appstream-source-rpms
    size: 284842616
    checksum: sha256:d20ea801b5d19e41896aae3023f0318b27250d00c53bd756a0ec6609f7eb540b
    name: rust
    evr: 1.88.0-1.el9
  - url: https://cdn-ubi.redhat.com/content/public/ubi/dist/ubi9/9/s390x/codeready-builder/source/SRPMS/Packages/n/ninja-build-1.10.2-6.el9.src.rpm
    repoid: ubi-9-for-s390x-codeready-builder-source-rpms
    size: 227908
    checksum: sha256:0461eebf9c0def0b11f42b9f7e7a455a945da6cbd4796ff015eb2a1dcbae175b
    name: ninja-build
    evr: 1.10.2-6.el9
  module_metadata: []
- arch: x86_64
  packages:
  - url: https://cdn-ubi.redhat.com/content/public/ubi/dist/ubi9/9/x86_64/appstream/os/Packages/a/annobin-12.98-1.el9.x86_64.rpm
    repoid: ubi-9-for-x86_64-appstream-rpms
    size: 1117414
    checksum: sha256:604af902dd8793f42ed3f30a9a6c78e2cebe74d4924479e8647b4d3224be328a
    name: annobin
    evr: 12.98-1.el9
    sourcerpm: annobin-12.98-1.el9.src.rpm
  - url: https://cdn-ubi.redhat.com/content/public/ubi/dist/ubi9/9/x86_64/appstream/os/Packages/c/cargo-1.88.0-1.el9.x86_64.rpm
    repoid: ubi-9-for-x86_64-appstream-rpms
    size: 8326606
    checksum: sha256:8d5b570c23f08d8e619cd9d69f4e6a25572cc4df0747f9cdc8c531621ce45480
    name: cargo
    evr: 1.88.0-1.el9
    sourcerpm: rust-1.88.0-1.el9.src.rpm
  - url: https://cdn-ubi.redhat.com/content/public/ubi/dist/ubi9/9/x86_64/appstream/os/Packages/c/cmake-3.26.5-2.el9.x86_64.rpm
    repoid: ubi-9-for-x86_64-appstream-rpms
    size: 9159462
    checksum: sha256:f553370cb02b87e7388697468256556e765b102c2fcb56be6bc250cb2351e8ad
    name: cmake
    evr: 3.26.5-2.el9
    sourcerpm: cmake-3.26.5-2.el9.src.rpm
  - url: https://cdn-ubi.redhat.com/content/public/ubi/dist/ubi9/9/x86_64/appstream/os/Packages/c/cmake-data-3.26.5-2.el9.noarch.rpm
    repoid: ubi-9-for-x86_64-appstream-rpms
    size: 2488227
    checksum: sha256:84da65a7b8921f031d15903d91c5967022620f9e96b7493c8ab8024014755ee7
    name: cmake-data
    evr: 3.26.5-2.el9
    sourcerpm: cmake-3.26.5-2.el9.src.rpm
  - url: https://cdn-ubi.redhat.com/content/public/ubi/dist/ubi9/9/x86_64/appstream/os/Packages/c/cmake-rpm-macros-3.26.5-2.el9.noarch.rpm
    repoid: ubi-9-for-x86_64-appstream-rpms
    size: 12250
    checksum: sha256:1c74969c8a4f21851f5b89f25ac55c689b75bed1318d0435fc3a14a49c39d0e3
    name: cmake-rpm-macros
    evr: 3.26.5-2.el9
    sourcerpm: cmake-3.26.5-2.el9.src.rpm
  - url: https://cdn-ubi.redhat.com/content/public/ubi/dist/ubi9/9/x86_64/appstream/os/Packages/l/libuv-1.42.0-2.el9_4.x86_64.rpm
    repoid: ubi-9-for-x86_64-appstream-rpms
    size: 154427
    checksum: sha256:e1fab39251239ccaad2fb4dbe6c55ec1ae60f76d4ae81582b06e6a58e30879b2
    name: libuv
    evr: 1:1.42.0-2.el9_4
    sourcerpm: libuv-1.42.0-2.el9_4.src.rpm
  - url: https://cdn-ubi.redhat.com/content/public/ubi/dist/ubi9/9/x86_64/appstream/os/Packages/l/llvm-filesystem-20.1.8-3.el9.x86_64.rpm
    repoid: ubi-9-for-x86_64-appstream-rpms
    size: 9374
    checksum: sha256:b1584007e959eddcba9b5c930ca001a741ce8c5db53b60c97a1eeb1483e0444c
    name: llvm-filesystem
    evr: 20.1.8-3.el9
    sourcerpm: llvm-20.1.8-3.el9.src.rpm
  - url: https://cdn-ubi.redhat.com/content/public/ubi/dist/ubi9/9/x86_64/appstream/os/Packages/l/llvm-libs-20.1.8-3.el9.x86_64.rpm
    repoid: ubi-9-for-x86_64-appstream-rpms
    size: 31501653
    checksum: sha256:5ae29a9cf690992010987b3dfc8a249a869bfca8ae3a45178685411d7f70c358
    name: llvm-libs
    evr: 20.1.8-3.el9
    sourcerpm: llvm-20.1.8-3.el9.src.rpm
  - url: https://cdn-ubi.redhat.com/content/public/ubi/dist/ubi9/9/x86_64/appstream/os/Packages/o/openblas-0.3.29-1.el9.x86_64.rpm
    repoid: ubi-9-for-x86_64-appstream-rpms
    size: 43115
    checksum: sha256:8e0936be32a50acb14286520fa8334b9f2d89bae1d6ae0c2ca6f4ddbe931beab
    name: openblas
    evr: 0.3.29-1.el9
    sourcerpm: openblas-0.3.29-1.el9.src.rpm
  - url: https://cdn-ubi.redhat.com/content/public/ubi/dist/ubi9/9/x86_64/appstream/os/Packages/o/openblas-openmp-0.3.29-1.el9.x86_64.rpm
    repoid: ubi-9-for-x86_64-appstream-rpms
    size: 5540681
    checksum: sha256:fbe0137413e1889bcc06a7198423ecda043e820edee976cbf5b931454ee36601
    name: openblas-openmp
    evr: 0.3.29-1.el9
    sourcerpm: openblas-0.3.29-1.el9.src.rpm
  - url: https://cdn-ubi.redhat.com/content/public/ubi/dist/ubi9/9/x86_64/appstream/os/Packages/o/openblas-openmp64-0.3.29-1.el9.x86_64.rpm
    repoid: ubi-9-for-x86_64-appstream-rpms
    size: 5410045
    checksum: sha256:711c27431cb705aeac9f7617b957c83d10dbbfa1c1d75272fd4be7a33afd66b9
    name: openblas-openmp64
    evr: 0.3.29-1.el9
    sourcerpm: openblas-0.3.29-1.el9.src.rpm
  - url: https://cdn-ubi.redhat.com/content/public/ubi/dist/ubi9/9/x86_64/appstream/os/Packages/o/openblas-serial-0.3.29-1.el9.x86_64.rpm
    repoid: ubi-9-for-x86_64-appstream-rpms
    size: 5284997
    checksum: sha256:5a27238ce32d2ae7c7309df1c8809f5b4d42dd340c53c90e9c0721820fc81179
    name: openblas-serial
    evr: 0.3.29-1.el9
    sourcerpm: openblas-0.3.29-1.el9.src.rpm
  - url: https://cdn-ubi.redhat.com/content/public/ubi/dist/ubi9/9/x86_64/appstream/os/Packages/r/rust-1.88.0-1.el9.x86_64.rpm
    repoid: ubi-9-for-x86_64-appstream-rpms
    size: 30892199
    checksum: sha256:d976ea2f80c38598484e6e6e5501bc92f8581b94227dd554e0492bf5d2234f04
    name: rust
    evr: 1.88.0-1.el9
    sourcerpm: rust-1.88.0-1.el9.src.rpm
  - url: https://cdn-ubi.redhat.com/content/public/ubi/dist/ubi9/9/x86_64/appstream/os/Packages/r/rust-std-static-1.88.0-1.el9.x86_64.rpm
    repoid: ubi-9-for-x86_64-appstream-rpms
    size: 41209382
    checksum: sha256:5ac616ad878773059445a8c8cbc8ee013541712b321435a9adff5989558a3227
    name: rust-std-static
    evr: 1.88.0-1.el9
    sourcerpm: rust-1.88.0-1.el9.src.rpm
  - url: https://cdn-ubi.redhat.com/content/public/ubi/dist/ubi9/9/x86_64/appstream/os/Packages/r/rust-toolset-1.88.0-1.el9.noarch.rpm
    repoid: ubi-9-for-x86_64-appstream-rpms
    size: 15503
    checksum: sha256:9bd2dd27323af0fd92b6e05f4ace51949e53fae0cd244d196182867901a10e55
    name: rust-toolset
    evr: 1.88.0-1.el9
    sourcerpm: rust-1.88.0-1.el9.src.rpm
  - url: https://cdn-ubi.redhat.com/content/public/ubi/dist/ubi9/9/x86_64/codeready-builder/os/Packages/n/ninja-build-1.10.2-6.el9.x86_64.rpm
    repoid: ubi-9-for-x86_64-codeready-builder-rpms
    size: 153299
    checksum: sha256:1140bec45c316942f870c28fdede79c185a2e09adc48bada42a5610783d56400
    name: ninja-build
    evr: 1.10.2-6.el9
    sourcerpm: ninja-build-1.10.2-6.el9.src.rpm
  - url: https://cdn-ubi.redhat.com/content/public/ubi/dist/ubi9/9/x86_64/codeready-builder/os/Packages/o/openblas-devel-0.3.29-1.el9.x86_64.rpm
    repoid: ubi-9-for-x86_64-codeready-builder-rpms
    size: 86337
    checksum: sha256:6164d97d54dc09830de7ecf5409167da6e2d6a5826c4d603f20c307b66961521
    name: openblas-devel
    evr: 0.3.29-1.el9
    sourcerpm: openblas-0.3.29-1.el9.src.rpm
  - url: https://cdn-ubi.redhat.com/content/public/ubi/dist/ubi9/9/x86_64/codeready-builder/os/Packages/o/openblas-openmp64_-0.3.29-1.el9.x86_64.rpm
    repoid: ubi-9-for-x86_64-codeready-builder-rpms
    size: 5399412
    checksum: sha256:2247895f362667a2d5ec14d0a4cd6246c954c58e1e024d4bd19c21a960dc577b
    name: openblas-openmp64_
    evr: 0.3.29-1.el9
    sourcerpm: openblas-0.3.29-1.el9.src.rpm
  - url: https://cdn-ubi.redhat.com/content/public/ubi/dist/ubi9/9/x86_64/codeready-builder/os/Packages/o/openblas-serial64-0.3.29-1.el9.x86_64.rpm
    repoid: ubi-9-for-x86_64-codeready-builder-rpms
    size: 5165804
    checksum: sha256:a3a5b9ca0b858962ae082cbe830d9649b094fda9fde98735f4ce2440ab245224
    name: openblas-serial64
    evr: 0.3.29-1.el9
    sourcerpm: openblas-0.3.29-1.el9.src.rpm
  - url: https://cdn-ubi.redhat.com/content/public/ubi/dist/ubi9/9/x86_64/codeready-builder/os/Packages/o/openblas-serial64_-0.3.29-1.el9.x86_64.rpm
    repoid: ubi-9-for-x86_64-codeready-builder-rpms
    size: 5146655
    checksum: sha256:36d279ad9b578ac857be526d96464e035d8b8f15fc23a643b43a6ddbd16d1133
    name: openblas-serial64_
    evr: 0.3.29-1.el9
    sourcerpm: openblas-0.3.29-1.el9.src.rpm
  - url: https://cdn-ubi.redhat.com/content/public/ubi/dist/ubi9/9/x86_64/codeready-builder/os/Packages/o/openblas-threads-0.3.29-1.el9.x86_64.rpm
    repoid: ubi-9-for-x86_64-codeready-builder-rpms
    size: 5526706
    checksum: sha256:143aa15bdcd6ca40169a9e7c225604fa934907398e57dd7091853c55f648904c
    name: openblas-threads
    evr: 0.3.29-1.el9
    sourcerpm: openblas-0.3.29-1.el9.src.rpm
  - url: https://cdn-ubi.redhat.com/content/public/ubi/dist/ubi9/9/x86_64/codeready-builder/os/Packages/o/openblas-threads64-0.3.29-1.el9.x86_64.rpm
    repoid: ubi-9-for-x86_64-codeready-builder-rpms
    size: 5394849
    checksum: sha256:b4aa939830f27a068df03016d2f6d56c70c106007f893a3270c3a39fef766b6c
    name: openblas-threads64
    evr: 0.3.29-1.el9
    sourcerpm: openblas-0.3.29-1.el9.src.rpm
  - url: https://cdn-ubi.redhat.com/content/public/ubi/dist/ubi9/9/x86_64/codeready-builder/os/Packages/o/openblas-threads64_-0.3.29-1.el9.x86_64.rpm
    repoid: ubi-9-for-x86_64-codeready-builder-rpms
    size: 5382065
    checksum: sha256:c255f7e8b68aca61e2cf65bb044d4b372d1f8e53fd84ad4083f98c98896db57b
    name: openblas-threads64_
    evr: 0.3.29-1.el9
    sourcerpm: openblas-0.3.29-1.el9.src.rpm
  source:
  - url: https://cdn-ubi.redhat.com/content/public/ubi/dist/ubi9/9/x86_64/appstream/source/SRPMS/Packages/a/annobin-12.98-1.el9.src.rpm
    repoid: ubi-9-for-x86_64-appstream-source-rpms
    size: 1012262
    checksum: sha256:cc70662d5376afa8617a010844ec0a5aec13cd7ba4e8839ec0053b80c7876b93
    name: annobin
    evr: 12.98-1.el9
  - url: https://cdn-ubi.redhat.com/content/public/ubi/dist/ubi9/9/x86_64/appstream/source/SRPMS/Packages/c/cmake-3.26.5-2.el9.src.rpm
    repoid: ubi-9-for-x86_64-appstream-source-rpms
    size: 10671338
    checksum: sha256:2f86bb96562eaf679969c2716738fbdfcc8a3966ecc3bb6317596fe2e214ea2b
    name: cmake
    evr: 3.26.5-2.el9
  - url: https://cdn-ubi.redhat.com/content/public/ubi/dist/ubi9/9/x86_64/appstream/source/SRPMS/Packages/l/libuv-1.42.0-2.el9_4.src.rpm
    repoid: ubi-9-for-x86_64-appstream-source-rpms
    size: 1300269
    checksum: sha256:f9dfa0dc965675730184604570c6a2aa95ddc2dfa6a7cb209514b1e744a4e3d7
    name: libuv
    evr: 1:1.42.0-2.el9_4
  - url: https://cdn-ubi.redhat.com/content/public/ubi/dist/ubi9/9/x86_64/appstream/source/SRPMS/Packages/l/llvm-20.1.8-3.el9.src.rpm
    repoid: ubi-9-for-x86_64-appstream-source-rpms
    size: 147354701
    checksum: sha256:87daec5cb8d79fe25b2c9e48bac5ff63ca96f8d1fa7f7cfc8374605e80f39628
    name: llvm
    evr: 20.1.8-3.el9
  - url: https://cdn-ubi.redhat.com/content/public/ubi/dist/ubi9/9/x86_64/appstream/source/SRPMS/Packages/o/openblas-0.3.29-1.el9.src.rpm
    repoid: ubi-9-for-x86_64-appstream-source-rpms
    size: 23777279
    checksum: sha256:4a1fd34e0b3bf712dc3810823ec4c57df6806c6110d30d160ffc91face8f80bd
    name: openblas
    evr: 0.3.29-1.el9
  - url: https://cdn-ubi.redhat.com/content/public/ubi/dist/ubi9/9/x86_64/appstream/source/SRPMS/Packages/r/rust-1.88.0-1.el9.src.rpm
    repoid: ubi-9-for-x86_64-appstream-source-rpms
    size: 284842616
    checksum: sha256:d20ea801b5d19e41896aae3023f0318b27250d00c53bd756a0ec6609f7eb540b
    name: rust
    evr: 1.88.0-1.el9
  - url: https://cdn-ubi.redhat.com/content/public/ubi/dist/ubi9/9/x86_64/codeready-builder/source/SRPMS/Packages/n/ninja-build-1.10.2-6.el9.src.rpm
    repoid: ubi-9-for-x86_64-codeready-builder-source-rpms
    size: 227908
    checksum: sha256:0461eebf9c0def0b11f42b9f7e7a455a945da6cbd4796ff015eb2a1dcbae175b
    name: ninja-build
    evr: 1.10.2-6.el9
  module_metadata: []
