---
lockfileVersion: 1
lockfileVendor: redhat
arches:
- arch: aarch64
  packages:
  - url: https://cdn-ubi.redhat.com/content/public/ubi/dist/ubi9/9/aarch64/appstream/os/Packages/l/libnsl2-2.0.0-1.el9.aarch64.rpm
    repoid: ubi-9-for-aarch64-appstream-rpms
    size: 32849
    checksum: sha256:5b38c8b55dbfc549271617e132d2d98ceaa9ca30711f73edd8b39a6af689de27
    name: libnsl2
    evr: 2.0.0-1.el9
    sourcerpm: libnsl2-2.0.0-1.el9.src.rpm
  - url: https://cdn-ubi.redhat.com/content/public/ubi/dist/ubi9/9/aarch64/appstream/os/Packages/l/libpq-13.23-3.el9_8.aarch64.rpm
    repoid: ubi-9-for-aarch64-appstream-rpms
    size: 218683
    checksum: sha256:6950f93d9264dc9a1f19a599b7ab3d1ffc2848ebf2ee784a2f7d00277e0cb798
    name: libpq
    evr: 13.23-3.el9_8
    sourcerpm: libpq-13.23-3.el9_8.src.rpm
  - url: https://cdn-ubi.redhat.com/content/public/ubi/dist/ubi9/9/aarch64/appstream/os/Packages/m/mpdecimal-2.5.1-3.el9.aarch64.rpm
    repoid: ubi-9-for-aarch64-appstream-rpms
    size: 92062
    checksum: sha256:6bdb76d4bb510b0e435698a46a09d0849fb07b2f53c00239e8989d8f141d1d14
    name: mpdecimal
    evr: 2.5.1-3.el9
    sourcerpm: mpdecimal-2.5.1-3.el9.src.rpm
  - url: https://cdn-ubi.redhat.com/content/public/ubi/dist/ubi9/9/aarch64/appstream/os/Packages/o/openblas-0.3.29-1.el9.aarch64.rpm
    repoid: ubi-9-for-aarch64-appstream-rpms
    size: 43101
    checksum: sha256:36da31a22dd56a05028ff4f0eac750164174f806abb30831840b969cc6bb19c6
    name: openblas
    evr: 0.3.29-1.el9
    sourcerpm: openblas-0.3.29-1.el9.src.rpm
  - url: https://cdn-ubi.redhat.com/content/public/ubi/dist/ubi9/9/aarch64/appstream/os/Packages/p/python3.12-3.12.14-1.el9_8.aarch64.rpm
    repoid: ubi-9-for-aarch64-appstream-rpms
    size: 32440
    checksum: sha256:127b8467e15c3f233d87bdb85c57809332eefb2e7b483aca7a08790dd9b62b74
    name: python3.12
    evr: 3.12.14-1.el9_8
    sourcerpm: python3.12-3.12.14-1.el9_8.src.rpm
  - url: https://cdn-ubi.redhat.com/content/public/ubi/dist/ubi9/9/aarch64/appstream/os/Packages/p/python3.12-libs-3.12.14-1.el9_8.aarch64.rpm
    repoid: ubi-9-for-aarch64-appstream-rpms
    size: 10145691
    checksum: sha256:cca9ebdb4242036911ccc7271de7cb9e3d621c152b402f781ae22b700ab02231
    name: python3.12-libs
    evr: 3.12.14-1.el9_8
    sourcerpm: python3.12-3.12.14-1.el9_8.src.rpm
  - url: https://cdn-ubi.redhat.com/content/public/ubi/dist/ubi9/9/aarch64/appstream/os/Packages/p/python3.12-pip-23.2.1-5.el9.noarch.rpm
    repoid: ubi-9-for-aarch64-appstream-rpms
    size: 3370313
    checksum: sha256:7abdc28c07f4286ef1da5a5033266f89b7aed4d61cb13b9fec3cfa7576ed6fde
    name: python3.12-pip
    evr: 23.2.1-5.el9
    sourcerpm: python3.12-pip-23.2.1-5.el9.src.rpm
  - url: https://cdn-ubi.redhat.com/content/public/ubi/dist/ubi9/9/aarch64/appstream/os/Packages/p/python3.12-pip-wheel-23.2.1-5.el9.noarch.rpm
    repoid: ubi-9-for-aarch64-appstream-rpms
    size: 1527128
    checksum: sha256:b3271e01edab5152b4f62515faca4c171fb842b4e871f7d30651a076de621b0e
    name: python3.12-pip-wheel
    evr: 23.2.1-5.el9
    sourcerpm: python3.12-pip-23.2.1-5.el9.src.rpm
  - url: https://cdn-ubi.redhat.com/content/public/ubi/dist/ubi9/9/aarch64/appstream/os/Packages/p/python3.12-setuptools-68.2.2-5.el9_6.noarch.rpm
    repoid: ubi-9-for-aarch64-appstream-rpms
    size: 1654905
    checksum: sha256:6a7ea24faa6a5f2686b5e5b103a09f63b929b9bef70f1392dfea4ec5ef57c819
    name: python3.12-setuptools
    evr: 68.2.2-5.el9_6
    sourcerpm: python3.12-setuptools-68.2.2-5.el9_6.src.rpm
  - url: https://cdn-ubi.redhat.com/content/public/ubi/dist/ubi9/9/aarch64/appstream/os/Packages/s/sqlite-3.34.1-11.el9_8.aarch64.rpm
    repoid: ubi-9-for-aarch64-appstream-rpms
    size: 771336
    checksum: sha256:2b33d5c871520405e8ab17ccf43bed62f717633c8a7311c5abb4e20ee879d5a6
    name: sqlite
    evr: 3.34.1-11.el9_8
    sourcerpm: sqlite-3.34.1-11.el9_8.src.rpm
  - url: https://cdn-ubi.redhat.com/content/public/ubi/dist/ubi9/9/aarch64/baseos/os/Packages/e/expat-2.5.0-6.el9_8.1.aarch64.rpm
    repoid: ubi-9-for-aarch64-baseos-rpms
    size: 120882
    checksum: sha256:7cc4e533f63bdec0ead003d176cb262b8d4d2583dfd57b2e9cfeeed4ead13475
    name: expat
    evr: 2.5.0-6.el9_8.1
    sourcerpm: expat-2.5.0-6.el9_8.1.src.rpm
  - url: https://cdn-ubi.redhat.com/content/public/ubi/dist/ubi9/9/aarch64/baseos/os/Packages/l/libgfortran-11.5.0-14.el9.aarch64.rpm
    repoid: ubi-9-for-aarch64-baseos-rpms
    size: 435007
    checksum: sha256:dffccd2856eae33a06d19180c60cf3d6944e9e6e08712b54cf83c49d77b21903
    name: libgfortran
    evr: 11.5.0-14.el9
    sourcerpm: gcc-11.5.0-14.el9.src.rpm
  - url: https://cdn-ubi.redhat.com/content/public/ubi/dist/ubi9/9/aarch64/baseos/os/Packages/l/libtirpc-1.3.3-9.el9.aarch64.rpm
    repoid: ubi-9-for-aarch64-baseos-rpms
    size: 98735
    checksum: sha256:591a92387f21db11cb3607f566f95e1f4afe581428eec00f99539925560e1913
    name: libtirpc
    evr: 1.3.3-9.el9
    sourcerpm: libtirpc-1.3.3-9.el9.src.rpm
  - url: https://cdn-ubi.redhat.com/content/public/ubi/dist/ubi9/9/aarch64/baseos/os/Packages/s/sqlite-libs-3.34.1-11.el9_8.aarch64.rpm
    repoid: ubi-9-for-aarch64-baseos-rpms
    size: 660770
    checksum: sha256:0fbb8043f9c02870c831da433f69b856a6674d02b60306d9cc01149ec89ed239
    name: sqlite-libs
    evr: 3.34.1-11.el9_8
    sourcerpm: sqlite-3.34.1-11.el9_8.src.rpm
  - url: https://cdn-ubi.redhat.com/content/public/ubi/dist/ubi9/9/aarch64/codeready-builder/os/Packages/o/openblas-threads-0.3.29-1.el9.aarch64.rpm
    repoid: codeready-builder-for-ubi-9-aarch64-rpms
    size: 3825499
    checksum: sha256:bf39666abbcf73859d258ffd63ad9b94f4cac346aa407454e971f527db2f0e76
    name: openblas-threads
    evr: 0.3.29-1.el9
    sourcerpm: openblas-0.3.29-1.el9.src.rpm
  source:
  - url: https://cdn-ubi.redhat.com/content/public/ubi/dist/ubi9/9/aarch64/appstream/source/SRPMS/Packages/l/libnsl2-2.0.0-1.el9.src.rpm
    repoid: ubi-9-for-aarch64-appstream-source-rpms
    size: 56885
    checksum: sha256:28fda2510dfa3d80c6f227354c3e917a104374e97566419e71ef5e246887c4e2
    name: libnsl2
    evr: 2.0.0-1.el9
  - url: https://cdn-ubi.redhat.com/content/public/ubi/dist/ubi9/9/aarch64/appstream/source/SRPMS/Packages/l/libpq-13.23-3.el9_8.src.rpm
    repoid: ubi-9-for-aarch64-appstream-source-rpms
    size: 21722078
    checksum: sha256:c608ba9bcc5e53d53f65c479aad0a6ab4485645e3480c5f3af7308a2358468b7
    name: libpq
    evr: 13.23-3.el9_8
  - url: https://cdn-ubi.redhat.com/content/public/ubi/dist/ubi9/9/aarch64/appstream/source/SRPMS/Packages/m/mpdecimal-2.5.1-3.el9.src.rpm
    repoid: ubi-9-for-aarch64-appstream-source-rpms
    size: 3334137
    checksum: sha256:2f5ece89d6a8d892816f386462d8be291ad83f1500b4c4b3655dcc7ed5192c0d
    name: mpdecimal
    evr: 2.5.1-3.el9
  - url: https://cdn-ubi.redhat.com/content/public/ubi/dist/ubi9/9/aarch64/appstream/source/SRPMS/Packages/o/openblas-0.3.29-1.el9.src.rpm
    repoid: ubi-9-for-aarch64-appstream-source-rpms
    size: 23777279
    checksum: sha256:4a1fd34e0b3bf712dc3810823ec4c57df6806c6110d30d160ffc91face8f80bd
    name: openblas
    evr: 0.3.29-1.el9
  - url: https://cdn-ubi.redhat.com/content/public/ubi/dist/ubi9/9/aarch64/appstream/source/SRPMS/Packages/p/python3.12-3.12.14-1.el9_8.src.rpm
    repoid: ubi-9-for-aarch64-appstream-source-rpms
    size: 20894742
    checksum: sha256:d855a90132b827b528e26c617484c250fd02dbe2cc8fdb8ef1f7d0d0a9f3f4f7
    name: python3.12
    evr: 3.12.14-1.el9_8
  - url: https://cdn-ubi.redhat.com/content/public/ubi/dist/ubi9/9/aarch64/appstream/source/SRPMS/Packages/p/python3.12-pip-23.2.1-5.el9.src.rpm
    repoid: ubi-9-for-aarch64-appstream-source-rpms
    size: 9384965
    checksum: sha256:531550a86dfbc5454ec925dbb8417ac3269e1ed4083a5af2a58d7501d730e430
    name: python3.12-pip
    evr: 23.2.1-5.el9
  - url: https://cdn-ubi.redhat.com/content/public/ubi/dist/ubi9/9/aarch64/appstream/source/SRPMS/Packages/p/python3.12-setuptools-68.2.2-5.el9_6.src.rpm
    repoid: ubi-9-for-aarch64-appstream-source-rpms
    size: 2219637
    checksum: sha256:8c42914fd3691cee14049a40d523a9ff1ebcd8fbf9e74b801b94f0f422ddb064
    name: python3.12-setuptools
    evr: 68.2.2-5.el9_6
  - url: https://cdn-ubi.redhat.com/content/public/ubi/dist/ubi9/9/aarch64/baseos/source/SRPMS/Packages/e/expat-2.5.0-6.el9_8.1.src.rpm
    repoid: ubi-9-for-aarch64-baseos-source-rpms
    size: 8390481
    checksum: sha256:3ef9a4df767dbc5e75944b5c197d186f8b5ca8745522e07cdf1a195229d381b4
    name: expat
    evr: 2.5.0-6.el9_8.1
  - url: https://cdn-ubi.redhat.com/content/public/ubi/dist/ubi9/9/aarch64/baseos/source/SRPMS/Packages/g/gcc-11.5.0-14.el9.src.rpm
    repoid: ubi-9-for-aarch64-baseos-source-rpms
    size: 81978017
    checksum: sha256:19dec462f2880508570ca42a82c2f76fbd95fcad8d3e3ff812e9ca50cdeb2d8f
    name: gcc
    evr: 11.5.0-14.el9
  - url: https://cdn-ubi.redhat.com/content/public/ubi/dist/ubi9/9/aarch64/baseos/source/SRPMS/Packages/l/libtirpc-1.3.3-9.el9.src.rpm
    repoid: ubi-9-for-aarch64-baseos-source-rpms
    size: 589716
    checksum: sha256:95d684042f4c5f63ac57923639fd1e7d6d278766b4ee99feb24baa5567fe4b7e
    name: libtirpc
    evr: 1.3.3-9.el9
  - url: https://cdn-ubi.redhat.com/content/public/ubi/dist/ubi9/9/aarch64/baseos/source/SRPMS/Packages/s/sqlite-3.34.1-11.el9_8.src.rpm
    repoid: ubi-9-for-aarch64-baseos-source-rpms
    size: 25117596
    checksum: sha256:4efcc956008f0468362b41bdba79111c41027b682bcdea3ecca3744cf50ebfd7
    name: sqlite
    evr: 3.34.1-11.el9_8
  module_metadata: []
- arch: ppc64le
  packages:
  - url: https://cdn-ubi.redhat.com/content/public/ubi/dist/ubi9/9/ppc64le/appstream/os/Packages/l/libnsl2-2.0.0-1.el9.ppc64le.rpm
    repoid: ubi-9-for-ppc64le-appstream-rpms
    size: 34856
    checksum: sha256:c2512678fbc0b12469c2a754895e75eceea5e13bc18efb09f619b8242d7e6f06
    name: libnsl2
    evr: 2.0.0-1.el9
    sourcerpm: libnsl2-2.0.0-1.el9.src.rpm
  - url: https://cdn-ubi.redhat.com/content/public/ubi/dist/ubi9/9/ppc64le/appstream/os/Packages/l/libpq-13.23-3.el9_8.ppc64le.rpm
    repoid: ubi-9-for-ppc64le-appstream-rpms
    size: 238083
    checksum: sha256:4f332d1caeca6a3e3c194cddd01404505b0ad4a2f041617556004617eabf50e7
    name: libpq
    evr: 13.23-3.el9_8
    sourcerpm: libpq-13.23-3.el9_8.src.rpm
  - url: https://cdn-ubi.redhat.com/content/public/ubi/dist/ubi9/9/ppc64le/appstream/os/Packages/m/mpdecimal-2.5.1-3.el9.ppc64le.rpm
    repoid: ubi-9-for-ppc64le-appstream-rpms
    size: 106314
    checksum: sha256:5689b49b6ebd204faaba278587ed7c6613af9ac48ca31c71d9d8ec343d7ddf07
    name: mpdecimal
    evr: 2.5.1-3.el9
    sourcerpm: mpdecimal-2.5.1-3.el9.src.rpm
  - url: https://cdn-ubi.redhat.com/content/public/ubi/dist/ubi9/9/ppc64le/appstream/os/Packages/o/openblas-0.3.29-1.el9.ppc64le.rpm
    repoid: ubi-9-for-ppc64le-appstream-rpms
    size: 43121
    checksum: sha256:46d0525be8d2581a2e4cad8d25413171df8b5c504b2b43014a92e49abe081983
    name: openblas
    evr: 0.3.29-1.el9
    sourcerpm: openblas-0.3.29-1.el9.src.rpm
  - url: https://cdn-ubi.redhat.com/content/public/ubi/dist/ubi9/9/ppc64le/appstream/os/Packages/p/python3.12-3.12.13-3.el9_8.1.ppc64le.rpm
    repoid: ubi-9-for-ppc64le-appstream-rpms
    size: 32808
    checksum: sha256:18f196faebc9865f11e1ca27f82cc69b92e5354cc5580072793beabb70eeec91
    name: python3.12
    evr: 3.12.13-3.el9_8.1
    sourcerpm: python3.12-3.12.13-3.el9_8.1.src.rpm
  - url: https://cdn-ubi.redhat.com/content/public/ubi/dist/ubi9/9/ppc64le/appstream/os/Packages/p/python3.12-libs-3.12.13-3.el9_8.1.ppc64le.rpm
    repoid: ubi-9-for-ppc64le-appstream-rpms
    size: 10087484
    checksum: sha256:56acbc33e3d1bf7f5795fc53937a8e60e2d2f62e5eb668f017ecaa0255e42cd4
    name: python3.12-libs
    evr: 3.12.13-3.el9_8.1
    sourcerpm: python3.12-3.12.13-3.el9_8.1.src.rpm
  - url: https://cdn-ubi.redhat.com/content/public/ubi/dist/ubi9/9/ppc64le/appstream/os/Packages/p/python3.12-pip-23.2.1-5.el9.noarch.rpm
    repoid: ubi-9-for-ppc64le-appstream-rpms
    size: 3370313
    checksum: sha256:7abdc28c07f4286ef1da5a5033266f89b7aed4d61cb13b9fec3cfa7576ed6fde
    name: python3.12-pip
    evr: 23.2.1-5.el9
    sourcerpm: python3.12-pip-23.2.1-5.el9.src.rpm
  - url: https://cdn-ubi.redhat.com/content/public/ubi/dist/ubi9/9/ppc64le/appstream/os/Packages/p/python3.12-pip-wheel-23.2.1-5.el9.noarch.rpm
    repoid: ubi-9-for-ppc64le-appstream-rpms
    size: 1527128
    checksum: sha256:b3271e01edab5152b4f62515faca4c171fb842b4e871f7d30651a076de621b0e
    name: python3.12-pip-wheel
    evr: 23.2.1-5.el9
    sourcerpm: python3.12-pip-23.2.1-5.el9.src.rpm
  - url: https://cdn-ubi.redhat.com/content/public/ubi/dist/ubi9/9/ppc64le/appstream/os/Packages/p/python3.12-setuptools-68.2.2-5.el9_6.noarch.rpm
    repoid: ubi-9-for-ppc64le-appstream-rpms
    size: 1654905
    checksum: sha256:6a7ea24faa6a5f2686b5e5b103a09f63b929b9bef70f1392dfea4ec5ef57c819
    name: python3.12-setuptools
    evr: 68.2.2-5.el9_6
    sourcerpm: python3.12-setuptools-68.2.2-5.el9_6.src.rpm
  - url: https://cdn-ubi.redhat.com/content/public/ubi/dist/ubi9/9/ppc64le/appstream/os/Packages/s/sqlite-3.34.1-11.el9_8.ppc64le.rpm
    repoid: ubi-9-for-ppc64le-appstream-rpms
    size: 886155
    checksum: sha256:8e127de95f53943cb83e12f6640cafd39c5513eadf05b805e1d186a535d74606
    name: sqlite
    evr: 3.34.1-11.el9_8
    sourcerpm: sqlite-3.34.1-11.el9_8.src.rpm
  - url: https://cdn-ubi.redhat.com/content/public/ubi/dist/ubi9/9/ppc64le/baseos/os/Packages/e/expat-2.5.0-6.el9_8.1.ppc64le.rpm
    repoid: ubi-9-for-ppc64le-baseos-rpms
    size: 132202
    checksum: sha256:eae0d2c0c23adc9b878e86d46a7cd176e991a84fc5780877dd58f15552b6a5c6
    name: expat
    evr: 2.5.0-6.el9_8.1
    sourcerpm: expat-2.5.0-6.el9_8.1.src.rpm
  - url: https://cdn-ubi.redhat.com/content/public/ubi/dist/ubi9/9/ppc64le/baseos/os/Packages/l/libgfortran-11.5.0-14.el9.ppc64le.rpm
    repoid: ubi-9-for-ppc64le-baseos-rpms
    size: 517166
    checksum: sha256:2a50e5adc5f3c0b9c80c14dc7c90169abd38284a52f8660a5276b8c7e8bd982d
    name: libgfortran
    evr: 11.5.0-14.el9
    sourcerpm: gcc-11.5.0-14.el9.src.rpm
  - url: https://cdn-ubi.redhat.com/content/public/ubi/dist/ubi9/9/ppc64le/baseos/os/Packages/l/libquadmath-11.5.0-14.el9.ppc64le.rpm
    repoid: ubi-9-for-ppc64le-baseos-rpms
    size: 192305
    checksum: sha256:5b1425277383dc64753d8e865a2f388ac376f1a97b4a2c25a9b34c0c80a1136f
    name: libquadmath
    evr: 11.5.0-14.el9
    sourcerpm: gcc-11.5.0-14.el9.src.rpm
  - url: https://cdn-ubi.redhat.com/content/public/ubi/dist/ubi9/9/ppc64le/baseos/os/Packages/l/libtirpc-1.3.3-9.el9.ppc64le.rpm
    repoid: ubi-9-for-ppc64le-baseos-rpms
    size: 112487
    checksum: sha256:a2bfcdaf2d192dcae021e69c61a5783060ca3e247a0d4fd049336fa3bbd9033a
    name: libtirpc
    evr: 1.3.3-9.el9
    sourcerpm: libtirpc-1.3.3-9.el9.src.rpm
  - url: https://cdn-ubi.redhat.com/content/public/ubi/dist/ubi9/9/ppc64le/baseos/os/Packages/s/sqlite-libs-3.34.1-11.el9_8.ppc64le.rpm
    repoid: ubi-9-for-ppc64le-baseos-rpms
    size: 758085
    checksum: sha256:f51af80eda44e36b51b315a90e44a0bfd2c6c7d4ce4aadd40bac23af3fc43cb8
    name: sqlite-libs
    evr: 3.34.1-11.el9_8
    sourcerpm: sqlite-3.34.1-11.el9_8.src.rpm
  - url: https://cdn-ubi.redhat.com/content/public/ubi/dist/ubi9/9/ppc64le/codeready-builder/os/Packages/o/openblas-threads-0.3.29-1.el9.ppc64le.rpm
    repoid: codeready-builder-for-ubi-9-ppc64le-rpms
    size: 4652547
    checksum: sha256:040dd5e1c29140acefd8210cef7027f6479ff397dd1617a503bfb7591265bb3e
    name: openblas-threads
    evr: 0.3.29-1.el9
    sourcerpm: openblas-0.3.29-1.el9.src.rpm
  source:
  - url: https://cdn-ubi.redhat.com/content/public/ubi/dist/ubi9/9/ppc64le/appstream/source/SRPMS/Packages/l/libnsl2-2.0.0-1.el9.src.rpm
    repoid: ubi-9-for-ppc64le-appstream-source-rpms
    size: 56885
    checksum: sha256:28fda2510dfa3d80c6f227354c3e917a104374e97566419e71ef5e246887c4e2
    name: libnsl2
    evr: 2.0.0-1.el9
  - url: https://cdn-ubi.redhat.com/content/public/ubi/dist/ubi9/9/ppc64le/appstream/source/SRPMS/Packages/l/libpq-13.23-3.el9_8.src.rpm
    repoid: ubi-9-for-ppc64le-appstream-source-rpms
    size: 21722078
    checksum: sha256:c608ba9bcc5e53d53f65c479aad0a6ab4485645e3480c5f3af7308a2358468b7
    name: libpq
    evr: 13.23-3.el9_8
  - url: https://cdn-ubi.redhat.com/content/public/ubi/dist/ubi9/9/ppc64le/appstream/source/SRPMS/Packages/m/mpdecimal-2.5.1-3.el9.src.rpm
    repoid: ubi-9-for-ppc64le-appstream-source-rpms
    size: 3334137
    checksum: sha256:2f5ece89d6a8d892816f386462d8be291ad83f1500b4c4b3655dcc7ed5192c0d
    name: mpdecimal
    evr: 2.5.1-3.el9
  - url: https://cdn-ubi.redhat.com/content/public/ubi/dist/ubi9/9/ppc64le/appstream/source/SRPMS/Packages/o/openblas-0.3.29-1.el9.src.rpm
    repoid: ubi-9-for-ppc64le-appstream-source-rpms
    size: 23777279
    checksum: sha256:4a1fd34e0b3bf712dc3810823ec4c57df6806c6110d30d160ffc91face8f80bd
    name: openblas
    evr: 0.3.29-1.el9
  - url: https://cdn-ubi.redhat.com/content/public/ubi/dist/ubi9/9/ppc64le/appstream/source/SRPMS/Packages/p/python3.12-3.12.13-3.el9_8.1.src.rpm
    repoid: ubi-9-for-ppc64le-appstream-source-rpms
    size: 20886822
    checksum: sha256:7e01f587203e8d951fb7a38dff1c893cb1a3de5d7e762be6d6623cafd7c7435f
    name: python3.12
    evr: 3.12.13-3.el9_8.1
  - url: https://cdn-ubi.redhat.com/content/public/ubi/dist/ubi9/9/ppc64le/appstream/source/SRPMS/Packages/p/python3.12-pip-23.2.1-5.el9.src.rpm
    repoid: ubi-9-for-ppc64le-appstream-source-rpms
    size: 9384965
    checksum: sha256:531550a86dfbc5454ec925dbb8417ac3269e1ed4083a5af2a58d7501d730e430
    name: python3.12-pip
    evr: 23.2.1-5.el9
  - url: https://cdn-ubi.redhat.com/content/public/ubi/dist/ubi9/9/ppc64le/appstream/source/SRPMS/Packages/p/python3.12-setuptools-68.2.2-5.el9_6.src.rpm
    repoid: ubi-9-for-ppc64le-appstream-source-rpms
    size: 2219637
    checksum: sha256:8c42914fd3691cee14049a40d523a9ff1ebcd8fbf9e74b801b94f0f422ddb064
    name: python3.12-setuptools
    evr: 68.2.2-5.el9_6
  - url: https://cdn-ubi.redhat.com/content/public/ubi/dist/ubi9/9/ppc64le/baseos/source/SRPMS/Packages/e/expat-2.5.0-6.el9_8.1.src.rpm
    repoid: ubi-9-for-ppc64le-baseos-source-rpms
    size: 8390481
    checksum: sha256:3ef9a4df767dbc5e75944b5c197d186f8b5ca8745522e07cdf1a195229d381b4
    name: expat
    evr: 2.5.0-6.el9_8.1
  - url: https://cdn-ubi.redhat.com/content/public/ubi/dist/ubi9/9/ppc64le/baseos/source/SRPMS/Packages/g/gcc-11.5.0-14.el9.src.rpm
    repoid: ubi-9-for-ppc64le-baseos-source-rpms
    size: 81978017
    checksum: sha256:19dec462f2880508570ca42a82c2f76fbd95fcad8d3e3ff812e9ca50cdeb2d8f
    name: gcc
    evr: 11.5.0-14.el9
  - url: https://cdn-ubi.redhat.com/content/public/ubi/dist/ubi9/9/ppc64le/baseos/source/SRPMS/Packages/l/libtirpc-1.3.3-9.el9.src.rpm
    repoid: ubi-9-for-ppc64le-baseos-source-rpms
    size: 589716
    checksum: sha256:95d684042f4c5f63ac57923639fd1e7d6d278766b4ee99feb24baa5567fe4b7e
    name: libtirpc
    evr: 1.3.3-9.el9
  - url: https://cdn-ubi.redhat.com/content/public/ubi/dist/ubi9/9/ppc64le/baseos/source/SRPMS/Packages/s/sqlite-3.34.1-11.el9_8.src.rpm
    repoid: ubi-9-for-ppc64le-baseos-source-rpms
    size: 25117596
    checksum: sha256:4efcc956008f0468362b41bdba79111c41027b682bcdea3ecca3744cf50ebfd7
    name: sqlite
    evr: 3.34.1-11.el9_8
  module_metadata: []
- arch: s390x
  packages:
  - url: https://cdn-ubi.redhat.com/content/public/ubi/dist/ubi9/9/s390x/appstream/os/Packages/l/libnsl2-2.0.0-1.el9.s390x.rpm
    repoid: ubi-9-for-s390x-appstream-rpms
    size: 32555
    checksum: sha256:d53699f58ddc38f2a4b7538b7ec3bf7b44b426350fca5031410f016f6bfd18ee
    name: libnsl2
    evr: 2.0.0-1.el9
    sourcerpm: libnsl2-2.0.0-1.el9.src.rpm
  - url: https://cdn-ubi.redhat.com/content/public/ubi/dist/ubi9/9/s390x/appstream/os/Packages/l/libpq-13.23-3.el9_8.s390x.rpm
    repoid: ubi-9-for-s390x-appstream-rpms
    size: 219317
    checksum: sha256:7d1491d853ccc94306bbcba006d3a3c13e87e154b67ad8711e5c11529c1b6017
    name: libpq
    evr: 13.23-3.el9_8
    sourcerpm: libpq-13.23-3.el9_8.src.rpm
  - url: https://cdn-ubi.redhat.com/content/public/ubi/dist/ubi9/9/s390x/appstream/os/Packages/m/mpdecimal-2.5.1-3.el9.s390x.rpm
    repoid: ubi-9-for-s390x-appstream-rpms
    size: 94813
    checksum: sha256:b293069c431822060b400b3e9c05d93cd622b073578a69daeba394a7c148d933
    name: mpdecimal
    evr: 2.5.1-3.el9
    sourcerpm: mpdecimal-2.5.1-3.el9.src.rpm
  - url: https://cdn-ubi.redhat.com/content/public/ubi/dist/ubi9/9/s390x/appstream/os/Packages/o/openblas-0.3.29-1.el9.s390x.rpm
    repoid: ubi-9-for-s390x-appstream-rpms
    size: 43113
    checksum: sha256:5e6b0c6d1e1ee4c7a5e6ca078137e9561106fbb540798f077418d55f7425f6e4
    name: openblas
    evr: 0.3.29-1.el9
    sourcerpm: openblas-0.3.29-1.el9.src.rpm
  - url: https://cdn-ubi.redhat.com/content/public/ubi/dist/ubi9/9/s390x/appstream/os/Packages/p/python3.12-3.12.14-1.el9_8.s390x.rpm
    repoid: ubi-9-for-s390x-appstream-rpms
    size: 32298
    checksum: sha256:1d9c6400225666643a98052596e6a10a3e0f84c81daf0fef28867331749bf2f9
    name: python3.12
    evr: 3.12.14-1.el9_8
    sourcerpm: python3.12-3.12.14-1.el9_8.src.rpm
  - url: https://cdn-ubi.redhat.com/content/public/ubi/dist/ubi9/9/s390x/appstream/os/Packages/p/python3.12-libs-3.12.14-1.el9_8.s390x.rpm
    repoid: ubi-9-for-s390x-appstream-rpms
    size: 9974169
    checksum: sha256:000bf9abc0a7627f453b50e1a94181a2f6729927d8d3324aa27ab8b251fb1ed1
    name: python3.12-libs
    evr: 3.12.14-1.el9_8
    sourcerpm: python3.12-3.12.14-1.el9_8.src.rpm
  - url: https://cdn-ubi.redhat.com/content/public/ubi/dist/ubi9/9/s390x/appstream/os/Packages/p/python3.12-pip-23.2.1-5.el9.noarch.rpm
    repoid: ubi-9-for-s390x-appstream-rpms
    size: 3370313
    checksum: sha256:7abdc28c07f4286ef1da5a5033266f89b7aed4d61cb13b9fec3cfa7576ed6fde
    name: python3.12-pip
    evr: 23.2.1-5.el9
    sourcerpm: python3.12-pip-23.2.1-5.el9.src.rpm
  - url: https://cdn-ubi.redhat.com/content/public/ubi/dist/ubi9/9/s390x/appstream/os/Packages/p/python3.12-pip-wheel-23.2.1-5.el9.noarch.rpm
    repoid: ubi-9-for-s390x-appstream-rpms
    size: 1527128
    checksum: sha256:b3271e01edab5152b4f62515faca4c171fb842b4e871f7d30651a076de621b0e
    name: python3.12-pip-wheel
    evr: 23.2.1-5.el9
    sourcerpm: python3.12-pip-23.2.1-5.el9.src.rpm
  - url: https://cdn-ubi.redhat.com/content/public/ubi/dist/ubi9/9/s390x/appstream/os/Packages/p/python3.12-setuptools-68.2.2-5.el9_6.noarch.rpm
    repoid: ubi-9-for-s390x-appstream-rpms
    size: 1654905
    checksum: sha256:6a7ea24faa6a5f2686b5e5b103a09f63b929b9bef70f1392dfea4ec5ef57c819
    name: python3.12-setuptools
    evr: 68.2.2-5.el9_6
    sourcerpm: python3.12-setuptools-68.2.2-5.el9_6.src.rpm
  - url: https://cdn-ubi.redhat.com/content/public/ubi/dist/ubi9/9/s390x/appstream/os/Packages/s/sqlite-3.34.1-11.el9_8.s390x.rpm
    repoid: ubi-9-for-s390x-appstream-rpms
    size: 761828
    checksum: sha256:9283ec168eb8b4f4a679a03c478fc72d5a92a4a4970ef6e6e871b630b94def4f
    name: sqlite
    evr: 3.34.1-11.el9_8
    sourcerpm: sqlite-3.34.1-11.el9_8.src.rpm
  - url: https://cdn-ubi.redhat.com/content/public/ubi/dist/ubi9/9/s390x/baseos/os/Packages/e/expat-2.5.0-6.el9_8.1.s390x.rpm
    repoid: ubi-9-for-s390x-baseos-rpms
    size: 123151
    checksum: sha256:a5b24ad347a1722a948f417a7289a89b1aee9047350e88866173e05157239142
    name: expat
    evr: 2.5.0-6.el9_8.1
    sourcerpm: expat-2.5.0-6.el9_8.1.src.rpm
  - url: https://cdn-ubi.redhat.com/content/public/ubi/dist/ubi9/9/s390x/baseos/os/Packages/l/libgfortran-11.5.0-14.el9.s390x.rpm
    repoid: ubi-9-for-s390x-baseos-rpms
    size: 489372
    checksum: sha256:840f299bbb969efd46cc6a08f197d5717bb98c30d59704ccd54607d7060e9f49
    name: libgfortran
    evr: 11.5.0-14.el9
    sourcerpm: gcc-11.5.0-14.el9.src.rpm
  - url: https://cdn-ubi.redhat.com/content/public/ubi/dist/ubi9/9/s390x/baseos/os/Packages/l/libtirpc-1.3.3-9.el9.s390x.rpm
    repoid: ubi-9-for-s390x-baseos-rpms
    size: 96807
    checksum: sha256:15e22f029018e50dbd098b5c7fcfbd004aa19abe4952b092ee2858b9d33534e3
    name: libtirpc
    evr: 1.3.3-9.el9
    sourcerpm: libtirpc-1.3.3-9.el9.src.rpm
  - url: https://cdn-ubi.redhat.com/content/public/ubi/dist/ubi9/9/s390x/baseos/os/Packages/s/sqlite-libs-3.34.1-11.el9_8.s390x.rpm
    repoid: ubi-9-for-s390x-baseos-rpms
    size: 653093
    checksum: sha256:5897571d31b7cc9d3e8ef0e7dc9dbf8230bea207c9e926d4fef9fb635ab16f64
    name: sqlite-libs
    evr: 3.34.1-11.el9_8
    sourcerpm: sqlite-3.34.1-11.el9_8.src.rpm
  - url: https://cdn-ubi.redhat.com/content/public/ubi/dist/ubi9/9/s390x/codeready-builder/os/Packages/o/openblas-threads-0.3.29-1.el9.s390x.rpm
    repoid: codeready-builder-for-ubi-9-s390x-rpms
    size: 3638809
    checksum: sha256:087bbc6664c20b1e1074633ab5c06ded6f02f48ddc2e3568c8770ef719544e90
    name: openblas-threads
    evr: 0.3.29-1.el9
    sourcerpm: openblas-0.3.29-1.el9.src.rpm
  source:
  - url: https://cdn-ubi.redhat.com/content/public/ubi/dist/ubi9/9/s390x/appstream/source/SRPMS/Packages/l/libnsl2-2.0.0-1.el9.src.rpm
    repoid: ubi-9-for-s390x-appstream-source-rpms
    size: 56885
    checksum: sha256:28fda2510dfa3d80c6f227354c3e917a104374e97566419e71ef5e246887c4e2
    name: libnsl2
    evr: 2.0.0-1.el9
  - url: https://cdn-ubi.redhat.com/content/public/ubi/dist/ubi9/9/s390x/appstream/source/SRPMS/Packages/l/libpq-13.23-3.el9_8.src.rpm
    repoid: ubi-9-for-s390x-appstream-source-rpms
    size: 21722078
    checksum: sha256:c608ba9bcc5e53d53f65c479aad0a6ab4485645e3480c5f3af7308a2358468b7
    name: libpq
    evr: 13.23-3.el9_8
  - url: https://cdn-ubi.redhat.com/content/public/ubi/dist/ubi9/9/s390x/appstream/source/SRPMS/Packages/m/mpdecimal-2.5.1-3.el9.src.rpm
    repoid: ubi-9-for-s390x-appstream-source-rpms
    size: 3334137
    checksum: sha256:2f5ece89d6a8d892816f386462d8be291ad83f1500b4c4b3655dcc7ed5192c0d
    name: mpdecimal
    evr: 2.5.1-3.el9
  - url: https://cdn-ubi.redhat.com/content/public/ubi/dist/ubi9/9/s390x/appstream/source/SRPMS/Packages/o/openblas-0.3.29-1.el9.src.rpm
    repoid: ubi-9-for-s390x-appstream-source-rpms
    size: 23777279
    checksum: sha256:4a1fd34e0b3bf712dc3810823ec4c57df6806c6110d30d160ffc91face8f80bd
    name: openblas
    evr: 0.3.29-1.el9
  - url: https://cdn-ubi.redhat.com/content/public/ubi/dist/ubi9/9/s390x/appstream/source/SRPMS/Packages/p/python3.12-3.12.14-1.el9_8.src.rpm
    repoid: ubi-9-for-s390x-appstream-source-rpms
    size: 20894742
    checksum: sha256:d855a90132b827b528e26c617484c250fd02dbe2cc8fdb8ef1f7d0d0a9f3f4f7
    name: python3.12
    evr: 3.12.14-1.el9_8
  - url: https://cdn-ubi.redhat.com/content/public/ubi/dist/ubi9/9/s390x/appstream/source/SRPMS/Packages/p/python3.12-pip-23.2.1-5.el9.src.rpm
    repoid: ubi-9-for-s390x-appstream-source-rpms
    size: 9384965
    checksum: sha256:531550a86dfbc5454ec925dbb8417ac3269e1ed4083a5af2a58d7501d730e430
    name: python3.12-pip
    evr: 23.2.1-5.el9
  - url: https://cdn-ubi.redhat.com/content/public/ubi/dist/ubi9/9/s390x/appstream/source/SRPMS/Packages/p/python3.12-setuptools-68.2.2-5.el9_6.src.rpm
    repoid: ubi-9-for-s390x-appstream-source-rpms
    size: 2219637
    checksum: sha256:8c42914fd3691cee14049a40d523a9ff1ebcd8fbf9e74b801b94f0f422ddb064
    name: python3.12-setuptools
    evr: 68.2.2-5.el9_6
  - url: https://cdn-ubi.redhat.com/content/public/ubi/dist/ubi9/9/s390x/baseos/source/SRPMS/Packages/e/expat-2.5.0-6.el9_8.1.src.rpm
    repoid: ubi-9-for-s390x-baseos-source-rpms
    size: 8390481
    checksum: sha256:3ef9a4df767dbc5e75944b5c197d186f8b5ca8745522e07cdf1a195229d381b4
    name: expat
    evr: 2.5.0-6.el9_8.1
  - url: https://cdn-ubi.redhat.com/content/public/ubi/dist/ubi9/9/s390x/baseos/source/SRPMS/Packages/g/gcc-11.5.0-14.el9.src.rpm
    repoid: ubi-9-for-s390x-baseos-source-rpms
    size: 81978017
    checksum: sha256:19dec462f2880508570ca42a82c2f76fbd95fcad8d3e3ff812e9ca50cdeb2d8f
    name: gcc
    evr: 11.5.0-14.el9
  - url: https://cdn-ubi.redhat.com/content/public/ubi/dist/ubi9/9/s390x/baseos/source/SRPMS/Packages/l/libtirpc-1.3.3-9.el9.src.rpm
    repoid: ubi-9-for-s390x-baseos-source-rpms
    size: 589716
    checksum: sha256:95d684042f4c5f63ac57923639fd1e7d6d278766b4ee99feb24baa5567fe4b7e
    name: libtirpc
    evr: 1.3.3-9.el9
  - url: https://cdn-ubi.redhat.com/content/public/ubi/dist/ubi9/9/s390x/baseos/source/SRPMS/Packages/s/sqlite-3.34.1-11.el9_8.src.rpm
    repoid: ubi-9-for-s390x-baseos-source-rpms
    size: 25117596
    checksum: sha256:4efcc956008f0468362b41bdba79111c41027b682bcdea3ecca3744cf50ebfd7
    name: sqlite
    evr: 3.34.1-11.el9_8
  module_metadata: []
- arch: x86_64
  packages:
  - url: https://cdn-ubi.redhat.com/content/public/ubi/dist/ubi9/9/x86_64/appstream/os/Packages/l/libnsl2-2.0.0-1.el9.x86_64.rpm
    repoid: ubi-9-for-x86_64-appstream-rpms
    size: 33287
    checksum: sha256:052f7a182180528ba6e3c4378e5dcfb84640594a3e2e7bbe4f0167381e824ce0
    name: libnsl2
    evr: 2.0.0-1.el9
    sourcerpm: libnsl2-2.0.0-1.el9.src.rpm
  - url: https://cdn-ubi.redhat.com/content/public/ubi/dist/ubi9/9/x86_64/appstream/os/Packages/l/libpq-13.23-3.el9_8.x86_64.rpm
    repoid: ubi-9-for-x86_64-appstream-rpms
    size: 221361
    checksum: sha256:6da0ae044e0c1d9668f0f5c57a1c7fd69f34233b07711224b6795bdadf306eb1
    name: libpq
    evr: 13.23-3.el9_8
    sourcerpm: libpq-13.23-3.el9_8.src.rpm
  - url: https://cdn-ubi.redhat.com/content/public/ubi/dist/ubi9/9/x86_64/appstream/os/Packages/m/mpdecimal-2.5.1-3.el9.x86_64.rpm
    repoid: ubi-9-for-x86_64-appstream-rpms
    size: 89670
    checksum: sha256:89a8c9951ac56bed2caa1adbcba349c021af1134b6e2df3fc0a8a60577a4f54d
    name: mpdecimal
    evr: 2.5.1-3.el9
    sourcerpm: mpdecimal-2.5.1-3.el9.src.rpm
  - url: https://cdn-ubi.redhat.com/content/public/ubi/dist/ubi9/9/x86_64/appstream/os/Packages/o/openblas-0.3.29-1.el9.x86_64.rpm
    repoid: ubi-9-for-x86_64-appstream-rpms
    size: 43115
    checksum: sha256:8e0936be32a50acb14286520fa8334b9f2d89bae1d6ae0c2ca6f4ddbe931beab
    name: openblas
    evr: 0.3.29-1.el9
    sourcerpm: openblas-0.3.29-1.el9.src.rpm
  - url: https://cdn-ubi.redhat.com/content/public/ubi/dist/ubi9/9/x86_64/appstream/os/Packages/p/python3.12-3.12.13-3.el9_8.1.x86_64.rpm
    repoid: ubi-9-for-x86_64-appstream-rpms
    size: 32810
    checksum: sha256:e3824eb610d0a5c444a9c49462dcd3c31e9ef2ce0b6f42f5b75e0d492a64deb6
    name: python3.12
    evr: 3.12.13-3.el9_8.1
    sourcerpm: python3.12-3.12.13-3.el9_8.1.src.rpm
  - url: https://cdn-ubi.redhat.com/content/public/ubi/dist/ubi9/9/x86_64/appstream/os/Packages/p/python3.12-libs-3.12.13-3.el9_8.1.x86_64.rpm
    repoid: ubi-9-for-x86_64-appstream-rpms
    size: 10207533
    checksum: sha256:2135bca6d950ad5e8b3cc18e370fdeeedbe7bff413362247b28e0336d3bccb9d
    name: python3.12-libs
    evr: 3.12.13-3.el9_8.1
    sourcerpm: python3.12-3.12.13-3.el9_8.1.src.rpm
  - url: https://cdn-ubi.redhat.com/content/public/ubi/dist/ubi9/9/x86_64/appstream/os/Packages/p/python3.12-pip-23.2.1-5.el9.noarch.rpm
    repoid: ubi-9-for-x86_64-appstream-rpms
    size: 3370313
    checksum: sha256:7abdc28c07f4286ef1da5a5033266f89b7aed4d61cb13b9fec3cfa7576ed6fde
    name: python3.12-pip
    evr: 23.2.1-5.el9
    sourcerpm: python3.12-pip-23.2.1-5.el9.src.rpm
  - url: https://cdn-ubi.redhat.com/content/public/ubi/dist/ubi9/9/x86_64/appstream/os/Packages/p/python3.12-pip-wheel-23.2.1-5.el9.noarch.rpm
    repoid: ubi-9-for-x86_64-appstream-rpms
    size: 1527128
    checksum: sha256:b3271e01edab5152b4f62515faca4c171fb842b4e871f7d30651a076de621b0e
    name: python3.12-pip-wheel
    evr: 23.2.1-5.el9
    sourcerpm: python3.12-pip-23.2.1-5.el9.src.rpm
  - url: https://cdn-ubi.redhat.com/content/public/ubi/dist/ubi9/9/x86_64/appstream/os/Packages/p/python3.12-setuptools-68.2.2-5.el9_6.noarch.rpm
    repoid: ubi-9-for-x86_64-appstream-rpms
    size: 1654905
    checksum: sha256:6a7ea24faa6a5f2686b5e5b103a09f63b929b9bef70f1392dfea4ec5ef57c819
    name: python3.12-setuptools
    evr: 68.2.2-5.el9_6
    sourcerpm: python3.12-setuptools-68.2.2-5.el9_6.src.rpm
  - url: https://cdn-ubi.redhat.com/content/public/ubi/dist/ubi9/9/x86_64/appstream/os/Packages/s/sqlite-3.34.1-11.el9_8.x86_64.rpm
    repoid: ubi-9-for-x86_64-appstream-rpms
    size: 782636
    checksum: sha256:13a6aace0a8abd6c8e14fd871c223634961cb6afaccb8dfb61e8430bccc6e366
    name: sqlite
    evr: 3.34.1-11.el9_8
    sourcerpm: sqlite-3.34.1-11.el9_8.src.rpm
  - url: https://cdn-ubi.redhat.com/content/public/ubi/dist/ubi9/9/x86_64/baseos/os/Packages/e/expat-2.5.0-6.el9_8.1.x86_64.rpm
    repoid: ubi-9-for-x86_64-baseos-rpms
    size: 126909
    checksum: sha256:6a0c98d67b643fe620297e4cd7e990f99a86ed6bc90a8295a952c626ecbb9f62
    name: expat
    evr: 2.5.0-6.el9_8.1
    sourcerpm: expat-2.5.0-6.el9_8.1.src.rpm
  - url: https://cdn-ubi.redhat.com/content/public/ubi/dist/ubi9/9/x86_64/baseos/os/Packages/l/libgfortran-11.5.0-14.el9.x86_64.rpm
    repoid: ubi-9-for-x86_64-baseos-rpms
    size: 813380
    checksum: sha256:11d2f1c6c2ca35bdf7e866e80615d17d10601bc512905c8ef4f74ff8b0a3015a
    name: libgfortran
    evr: 11.5.0-14.el9
    sourcerpm: gcc-11.5.0-14.el9.src.rpm
  - url: https://cdn-ubi.redhat.com/content/public/ubi/dist/ubi9/9/x86_64/baseos/os/Packages/l/libquadmath-11.5.0-14.el9.x86_64.rpm
    repoid: ubi-9-for-x86_64-baseos-rpms
    size: 188925
    checksum: sha256:6fd5a850dc8e0a5b17c95089a8da0319beb8bf6ba68b633366d509458b332448
    name: libquadmath
    evr: 11.5.0-14.el9
    sourcerpm: gcc-11.5.0-14.el9.src.rpm
  - url: https://cdn-ubi.redhat.com/content/public/ubi/dist/ubi9/9/x86_64/baseos/os/Packages/l/libtirpc-1.3.3-9.el9.x86_64.rpm
    repoid: ubi-9-for-x86_64-baseos-rpms
    size: 98934
    checksum: sha256:f82cd69dc3aac881d5b574930c7d274687054cb5b03d3a8e3affa7bbcd5950b1
    name: libtirpc
    evr: 1.3.3-9.el9
    sourcerpm: libtirpc-1.3.3-9.el9.src.rpm
  - url: https://cdn-ubi.redhat.com/content/public/ubi/dist/ubi9/9/x86_64/baseos/os/Packages/s/sqlite-libs-3.34.1-11.el9_8.x86_64.rpm
    repoid: ubi-9-for-x86_64-baseos-rpms
    size: 665095
    checksum: sha256:e5c20e933ec01f746a6c59a94cb99f46c6138dab3f387f0d02dab47f356e2e98
    name: sqlite-libs
    evr: 3.34.1-11.el9_8
    sourcerpm: sqlite-3.34.1-11.el9_8.src.rpm
  - url: https://cdn-ubi.redhat.com/content/public/ubi/dist/ubi9/9/x86_64/codeready-builder/os/Packages/o/openblas-threads-0.3.29-1.el9.x86_64.rpm
    repoid: codeready-builder-for-ubi-9-x86_64-rpms
    size: 5526706
    checksum: sha256:143aa15bdcd6ca40169a9e7c225604fa934907398e57dd7091853c55f648904c
    name: openblas-threads
    evr: 0.3.29-1.el9
    sourcerpm: openblas-0.3.29-1.el9.src.rpm
  source:
  - url: https://cdn-ubi.redhat.com/content/public/ubi/dist/ubi9/9/x86_64/appstream/source/SRPMS/Packages/l/libnsl2-2.0.0-1.el9.src.rpm
    repoid: ubi-9-for-x86_64-appstream-source-rpms
    size: 56885
    checksum: sha256:28fda2510dfa3d80c6f227354c3e917a104374e97566419e71ef5e246887c4e2
    name: libnsl2
    evr: 2.0.0-1.el9
  - url: https://cdn-ubi.redhat.com/content/public/ubi/dist/ubi9/9/x86_64/appstream/source/SRPMS/Packages/l/libpq-13.23-3.el9_8.src.rpm
    repoid: ubi-9-for-x86_64-appstream-source-rpms
    size: 21722078
    checksum: sha256:c608ba9bcc5e53d53f65c479aad0a6ab4485645e3480c5f3af7308a2358468b7
    name: libpq
    evr: 13.23-3.el9_8
  - url: https://cdn-ubi.redhat.com/content/public/ubi/dist/ubi9/9/x86_64/appstream/source/SRPMS/Packages/m/mpdecimal-2.5.1-3.el9.src.rpm
    repoid: ubi-9-for-x86_64-appstream-source-rpms
    size: 3334137
    checksum: sha256:2f5ece89d6a8d892816f386462d8be291ad83f1500b4c4b3655dcc7ed5192c0d
    name: mpdecimal
    evr: 2.5.1-3.el9
  - url: https://cdn-ubi.redhat.com/content/public/ubi/dist/ubi9/9/x86_64/appstream/source/SRPMS/Packages/o/openblas-0.3.29-1.el9.src.rpm
    repoid: ubi-9-for-x86_64-appstream-source-rpms
    size: 23777279
    checksum: sha256:4a1fd34e0b3bf712dc3810823ec4c57df6806c6110d30d160ffc91face8f80bd
    name: openblas
    evr: 0.3.29-1.el9
  - url: https://cdn-ubi.redhat.com/content/public/ubi/dist/ubi9/9/x86_64/appstream/source/SRPMS/Packages/p/python3.12-3.12.13-3.el9_8.1.src.rpm
    repoid: ubi-9-for-x86_64-appstream-source-rpms
    size: 20886822
    checksum: sha256:7e01f587203e8d951fb7a38dff1c893cb1a3de5d7e762be6d6623cafd7c7435f
    name: python3.12
    evr: 3.12.13-3.el9_8.1
  - url: https://cdn-ubi.redhat.com/content/public/ubi/dist/ubi9/9/x86_64/appstream/source/SRPMS/Packages/p/python3.12-pip-23.2.1-5.el9.src.rpm
    repoid: ubi-9-for-x86_64-appstream-source-rpms
    size: 9384965
    checksum: sha256:531550a86dfbc5454ec925dbb8417ac3269e1ed4083a5af2a58d7501d730e430
    name: python3.12-pip
    evr: 23.2.1-5.el9
  - url: https://cdn-ubi.redhat.com/content/public/ubi/dist/ubi9/9/x86_64/appstream/source/SRPMS/Packages/p/python3.12-setuptools-68.2.2-5.el9_6.src.rpm
    repoid: ubi-9-for-x86_64-appstream-source-rpms
    size: 2219637
    checksum: sha256:8c42914fd3691cee14049a40d523a9ff1ebcd8fbf9e74b801b94f0f422ddb064
    name: python3.12-setuptools
    evr: 68.2.2-5.el9_6
  - url: https://cdn-ubi.redhat.com/content/public/ubi/dist/ubi9/9/x86_64/baseos/source/SRPMS/Packages/e/expat-2.5.0-6.el9_8.1.src.rpm
    repoid: ubi-9-for-x86_64-baseos-source-rpms
    size: 8390481
    checksum: sha256:3ef9a4df767dbc5e75944b5c197d186f8b5ca8745522e07cdf1a195229d381b4
    name: expat
    evr: 2.5.0-6.el9_8.1
  - url: https://cdn-ubi.redhat.com/content/public/ubi/dist/ubi9/9/x86_64/baseos/source/SRPMS/Packages/g/gcc-11.5.0-14.el9.src.rpm
    repoid: ubi-9-for-x86_64-baseos-source-rpms
    size: 81978017
    checksum: sha256:19dec462f2880508570ca42a82c2f76fbd95fcad8d3e3ff812e9ca50cdeb2d8f
    name: gcc
    evr: 11.5.0-14.el9
  - url: https://cdn-ubi.redhat.com/content/public/ubi/dist/ubi9/9/x86_64/baseos/source/SRPMS/Packages/l/libtirpc-1.3.3-9.el9.src.rpm
    repoid: ubi-9-for-x86_64-baseos-source-rpms
    size: 589716
    checksum: sha256:95d684042f4c5f63ac57923639fd1e7d6d278766b4ee99feb24baa5567fe4b7e
    name: libtirpc
    evr: 1.3.3-9.el9
  - url: https://cdn-ubi.redhat.com/content/public/ubi/dist/ubi9/9/x86_64/baseos/source/SRPMS/Packages/s/sqlite-3.34.1-11.el9_8.src.rpm
    repoid: ubi-9-for-x86_64-baseos-source-rpms
    size: 25117596
    checksum: sha256:4efcc956008f0468362b41bdba79111c41027b682bcdea3ecca3744cf50ebfd7
    name: sqlite
    evr: 3.34.1-11.el9_8
  module_metadata: []
